// !$*UTF8*$!
{
	archiveVersion = 1;
	classes = {
	};
	objectVersion = 77;
	objects = {

/* Begin PBXBuildFile section */
		03D9F0AF6196B663FCDA703B /* PlayerViewModel+Presentation.swift in Sources */ = {isa = PBXBuildFile; fileRef = F1F03EB8ED1133C5333C938E /* PlayerViewModel+Presentation.swift */; };
		041CD279F84A45500AC3004F /* Assets.xcassets in Resources */ = {isa = PBXBuildFile; fileRef = 28D81792E63C82C8F090AFB1 /* Assets.xcassets */; };
		043F5DD3F0A6C47FDAB0103C /* ShowDetailView.swift in Sources */ = {isa = PBXBuildFile; fileRef = 88E0CEE228B108E654D2D3FD /* ShowDetailView.swift */; };
		053F70BD5E443D188775C913 /* PlayerControlsOverlay.swift in Sources */ = {isa = PBXBuildFile; fileRef = 7F5B10C80802214DB6C255DB /* PlayerControlsOverlay.swift */; };
		0C0265CEDF2F24F3A6C2F416 /* PosterCard.swift in Sources */ = {isa = PBXBuildFile; fileRef = AC85B7143D7774B74A1855BF /* PosterCard.swift */; };
		0C8AAE808560045BD3405F48 /* MediaFormatting.swift in Sources */ = {isa = PBXBuildFile; fileRef = 5FABA212CEF54442E338EF5F /* MediaFormatting.swift */; };
		0C9687177AE365CE96E2119B /* LibraryItemsViewModel.swift in Sources */ = {isa = PBXBuildFile; fileRef = 1381933827E832D2448FF0DB /* LibraryItemsViewModel.swift */; };
		0D1CBCAA2894AA2EC7755C0F /* FeatureStateViews.swift in Sources */ = {isa = PBXBuildFile; fileRef = 4B2925EAF3C19914BD1A6414 /* FeatureStateViews.swift */; };
		0D651744D83BFD04547117F6 /* SettingsIOSView.swift in Sources */ = {isa = PBXBuildFile; fileRef = 93F6A3B7D2BD7ED06829964A /* SettingsIOSView.swift */; };
		0F16E1EB29F95C57D4CD9A36 /* LibraryItemsView.swift in Sources */ = {isa = PBXBuildFile; fileRef = 209C0372A7410DEB5A5FA45C /* LibraryItemsView.swift */; };
		0F1909EC64E6C2C91B0D6303 /* PlexService+Networking.swift in Sources */ = {isa = PBXBuildFile; fileRef = 7AF6018BD333E33114E37C9C /* PlexService+Networking.swift */; };
		1398C03EF94F617CC809E985 /* SeasonDetailViewModel.swift in Sources */ = {isa = PBXBuildFile; fileRef = 59D3DFD09891C72BA03E6F9D /* SeasonDetailViewModel.swift */; };
		14DD3ABCB546921384B3218B /* ShowDetailViewModel.swift in Sources */ = {isa = PBXBuildFile; fileRef = 0FBE9B40CB6E7F23A88BAA00 /* ShowDetailViewModel.swift */; };
		192B596729A4B8CA90D1544B /* PlexLibrary.swift in Sources */ = {isa = PBXBuildFile; fileRef = FCC7B1185FAF95EDBB76EDBA /* PlexLibrary.swift */; };
		19C29EA99A097B5C548E10AC /* SignInView.swift in Sources */ = {isa = PBXBuildFile; fileRef = 327DB919DE34BC4DF0DF6171 /* SignInView.swift */; };
		1BC696D19F7822B5D793A12E /* PlayerViewModel.swift in Sources */ = {isa = PBXBuildFile; fileRef = E23D3C9E0486ECC98E7EF697 /* PlayerViewModel.swift */; };
		223B486CF59BCB7953A40BC0 /* EpisodeDetailView.swift in Sources */ = {isa = PBXBuildFile; fileRef = 88BFBF304D2D64AA6A7F75FF /* EpisodeDetailView.swift */; };
		226EFD0D750AA9A959069323 /* PlexService+People.swift in Sources */ = {isa = PBXBuildFile; fileRef = 1CBED87D1B9D75585F4DD189 /* PlexService+People.swift */; };
		23781ECBCBC756D20274A23F /* AVPlayerEngine.swift in Sources */ = {isa = PBXBuildFile; fileRef = 888D6327978234F944C7B711 /* AVPlayerEngine.swift */; };
		2415589AC77E76FB81D4FB5C /* LibraryItemsViewModel.swift in Sources */ = {isa = PBXBuildFile; fileRef = 1381933827E832D2448FF0DB /* LibraryItemsViewModel.swift */; };
		241B08DFD493C41EBDFB397B /* PlexSearchResult.swift in Sources */ = {isa = PBXBuildFile; fileRef = 427AA5081B3109208B05E693 /* PlexSearchResult.swift */; };
		24C2D7B61677660C1F9A408F /* AVPlayerEngine.swift in Sources */ = {isa = PBXBuildFile; fileRef = 888D6327978234F944C7B711 /* AVPlayerEngine.swift */; };
		276C601ECCA1260FF437B060 /* MainTabView.swift in Sources */ = {isa = PBXBuildFile; fileRef = 7544739258CFA8FA07B61B54 /* MainTabView.swift */; };
		2AAB71868294E34C89220EBC /* SearchViewModel.swift in Sources */ = {isa = PBXBuildFile; fileRef = CB9484196E903B651E4E88F1 /* SearchViewModel.swift */; };
		2DF2D6CC1B72CB1A6EF55F60 /* EpisodeRowView.swift in Sources */ = {isa = PBXBuildFile; fileRef = 2264D3998C09B3EF242902BC /* EpisodeRowView.swift */; };
		2FCADD6A7F12299BE72B4BF2 /* MediaFormatting.swift in Sources */ = {isa = PBXBuildFile; fileRef = 5FABA212CEF54442E338EF5F /* MediaFormatting.swift */; };
		300B8B07A28C53D11C0BCFAD /* PlaybackCoordinator+UpNext.swift in Sources */ = {isa = PBXBuildFile; fileRef = FA5C16505D72C78779FBC7E7 /* PlaybackCoordinator+UpNext.swift */; };
		30C61B9C7A0A7E9ADF0B8A8B /* SubtitleTrack.swift in Sources */ = {isa = PBXBuildFile; fileRef = 5493BC8E9828A5875E7700D0 /* SubtitleTrack.swift */; };
		3195C8AD54C3182FD5E87687 /* PlexService.swift in Sources */ = {isa = PBXBuildFile; fileRef = F130EA9B63C28644580E81B6 /* PlexService.swift */; };
		322B5C37B4ADA2B9654FD7B9 /* MovieDetailViewModel.swift in Sources */ = {isa = PBXBuildFile; fileRef = B58A13BD2862BF9B3DDC398E /* MovieDetailViewModel.swift */; };
		33C81F5261C3E8E351ECD2D9 /* PlaybackPresentationModels.swift in Sources */ = {isa = PBXBuildFile; fileRef = 7831CB35A3233D634CBDF627 /* PlaybackPresentationModels.swift */; };
		35A8DABDFB27352BF7A730F9 /* VLCKit.xcframework in Embed Frameworks */ = {isa = PBXBuildFile; fileRef = DF6A3B1BC36ECD7390A15164 /* VLCKit.xcframework */; settings = {ATTRIBUTES = (CodeSignOnCopy, RemoveHeadersOnCopy, ); }; };
		39A8E92988FD99DDC133C744 /* Assets.xcassets in Resources */ = {isa = PBXBuildFile; fileRef = 28D81792E63C82C8F090AFB1 /* Assets.xcassets */; };
		3ACE44D9D5BD990A9E8BFB24 /* PlexService+Playback.swift in Sources */ = {isa = PBXBuildFile; fileRef = E633961171327398791E552E /* PlexService+Playback.swift */; };
		3B28E5E120554AAFE1E78E37 /* PlexService.swift in Sources */ = {isa = PBXBuildFile; fileRef = F130EA9B63C28644580E81B6 /* PlexService.swift */; };
		3D41B2F539E3877866299C4B /* PlexMediaType.swift in Sources */ = {isa = PBXBuildFile; fileRef = 86559A01E84EC686EBEEDECB /* PlexMediaType.swift */; };
		3F7BABC078A82BFFEAE1E85D /* KeychainHelper.swift in Sources */ = {isa = PBXBuildFile; fileRef = 75C93C23CBF78A0056EBE0D8 /* KeychainHelper.swift */; };
		3FE983092FCE0D8477FB79CD /* TVSettingsComponents.swift in Sources */ = {isa = PBXBuildFile; fileRef = 39877981AC8629CC236D441D /* TVSettingsComponents.swift */; };
		42154E1A4748F9B0A9E7AD10 /* EpisodeDetailViewModel.swift in Sources */ = {isa = PBXBuildFile; fileRef = CCFB62797314A3D853B52051 /* EpisodeDetailViewModel.swift */; };
		432620BF900C45349933D3CA /* PlexServer.swift in Sources */ = {isa = PBXBuildFile; fileRef = 0B42A00C8A899B9036425B3E /* PlexServer.swift */; };
		43EE97E3C774ADB658885B66 /* EpisodeDetailViewModel.swift in Sources */ = {isa = PBXBuildFile; fileRef = CCFB62797314A3D853B52051 /* EpisodeDetailViewModel.swift */; };
		469CB9AD6D196D0339D9123C /* PlexService+People.swift in Sources */ = {isa = PBXBuildFile; fileRef = 1CBED87D1B9D75585F4DD189 /* PlexService+People.swift */; };
		4713FAE724DCD5EA9F4EF86B /* DuskApp.swift in Sources */ = {isa = PBXBuildFile; fileRef = 6E04ECF8E20F247BA70F3250 /* DuskApp.swift */; };
		471B694988DE289D70C10D02 /* PlexHub.swift in Sources */ = {isa = PBXBuildFile; fileRef = F9771A4F964C286E6DA9AB6A /* PlexHub.swift */; };
		4A29FD0D91661288D837B6C2 /* PlayerSelectionSheet.swift in Sources */ = {isa = PBXBuildFile; fileRef = 48B1ECE0840EFAA073B10970 /* PlayerSelectionSheet.swift */; };
		4CB71182E6CE2B1469CA4D87 /* DetailSharedViews.swift in Sources */ = {isa = PBXBuildFile; fileRef = 348F1B5EF3D8AD8AE52485B2 /* DetailSharedViews.swift */; };
		50A906D96B140BB70868FAE9 /* ActorDetailView.swift in Sources */ = {isa = PBXBuildFile; fileRef = 286D5629D02733782DC17C24 /* ActorDetailView.swift */; };
		5168F0A3D9473E68B2BCE86A /* SettingsViewModel.swift in Sources */ = {isa = PBXBuildFile; fileRef = D2A90BC03A7C9895263EAD07 /* SettingsViewModel.swift */; };
		51CDA7EF644BA8EBD3495EA3 /* HomeViewModel.swift in Sources */ = {isa = PBXBuildFile; fileRef = F693F697A72ECEE11C60FDD7 /* HomeViewModel.swift */; };
		5340E4CA7989E4B20888CD18 /* PlayerViewModel+PlaybackControls.swift in Sources */ = {isa = PBXBuildFile; fileRef = CFCE74BFF7FA1D80CC5FD1D0 /* PlayerViewModel+PlaybackControls.swift */; };
		549C3A6F28EFE5F21E230C63 /* SettingsTVView.swift in Sources */ = {isa = PBXBuildFile; fileRef = 3821AD42F46ABA0789C0ABE1 /* SettingsTVView.swift */; };
		5716AC625828ACE9A4E2E226 /* HomeView.swift in Sources */ = {isa = PBXBuildFile; fileRef = 356E30FE6F72B592D5145C9A /* HomeView.swift */; };
		57859CAC853D4A359F71C307 /* AudioTrack.swift in Sources */ = {isa = PBXBuildFile; fileRef = 38EC7BA678169F299A46DB8D /* AudioTrack.swift */; };
		5A4E8E659D329D5E7BADF609 /* DuskApp.swift in Sources */ = {isa = PBXBuildFile; fileRef = 6E04ECF8E20F247BA70F3250 /* DuskApp.swift */; };
		5B4FA6191B647B121A5ABC04 /* PlexServiceError.swift in Sources */ = {isa = PBXBuildFile; fileRef = EC07DAEED42C6DF6C3F87FA7 /* PlexServiceError.swift */; };
		5E12A450BBE9E513BF2ED5A3 /* PlayerControlsOverlay.swift in Sources */ = {isa = PBXBuildFile; fileRef = 7F5B10C80802214DB6C255DB /* PlayerControlsOverlay.swift */; };
		5F11A5EF1611691B257FDAB9 /* SettingsTVView.swift in Sources */ = {isa = PBXBuildFile; fileRef = 3821AD42F46ABA0789C0ABE1 /* SettingsTVView.swift */; };
		60BD4764983A301DAE337DFE /* PlexItem.swift in Sources */ = {isa = PBXBuildFile; fileRef = D97C0F3FABBE04C2708A7342 /* PlexItem.swift */; };
		63656964D7D4A9BB93B1E79E /* ContentView.swift in Sources */ = {isa = PBXBuildFile; fileRef = F9D6DBE6A638087B8F5C28E9 /* ContentView.swift */; };
		63F44021789B944936E3C438 /* PlaybackState.swift in Sources */ = {isa = PBXBuildFile; fileRef = E247046B56BBFDBF4FF7FC91 /* PlaybackState.swift */; };
		642A1E7EAC8350D56BA15243 /* LibrariesView.swift in Sources */ = {isa = PBXBuildFile; fileRef = 1465A76C131A58D985D6EF8B /* LibrariesView.swift */; };
		64A39E2E1CADED5FC223363A /* PlayerViewModel+TrackSelection.swift in Sources */ = {isa = PBXBuildFile; fileRef = 1E3EAF2638D0F06CB02215DF /* PlayerViewModel+TrackSelection.swift */; };
		679D21365EA68E287D6C737B /* PlexMediaDetails.swift in Sources */ = {isa = PBXBuildFile; fileRef = 573F74A2D1ECED28B04F69D2 /* PlexMediaDetails.swift */; };
		67F2F2052B2A10C70FF3BA6D /* PlexServiceError.swift in Sources */ = {isa = PBXBuildFile; fileRef = EC07DAEED42C6DF6C3F87FA7 /* PlexServiceError.swift */; };
		6841A43341811B0DA93CE786 /* HomeHubItemsView.swift in Sources */ = {isa = PBXBuildFile; fileRef = 1E408567EE9F363C18871F53 /* HomeHubItemsView.swift */; };
		686D7FF4C23D758894358358 /* SettingsIOSView.swift in Sources */ = {isa = PBXBuildFile; fileRef = 93F6A3B7D2BD7ED06829964A /* SettingsIOSView.swift */; };
		69F356B54ED9EB3D3882F12B /* LibrariesViewModel.swift in Sources */ = {isa = PBXBuildFile; fileRef = B4EC987E87318E2BFA93ADA0 /* LibrariesViewModel.swift */; };
		6A669E577F1D489400FA21BA /* PlaybackCoordinator+Timeline.swift in Sources */ = {isa = PBXBuildFile; fileRef = 215D686AF085421BB487A99B /* PlaybackCoordinator+Timeline.swift */; };
		6D9000B8F421F0DB61A64CDA /* SearchView.swift in Sources */ = {isa = PBXBuildFile; fileRef = 25FE8C06EE0E6E21DD598B7C /* SearchView.swift */; };
		6D91D0A9CCF1AD25F7BF2887 /* PlaybackEngineFactory.swift in Sources */ = {isa = PBXBuildFile; fileRef = 9A5D35CEE6AC31BD13C6A72D /* PlaybackEngineFactory.swift */; };
		6F2E32CFADA86AA4043AFAE7 /* ShowDetailView.swift in Sources */ = {isa = PBXBuildFile; fileRef = 88E0CEE228B108E654D2D3FD /* ShowDetailView.swift */; };
		7273C1137B4A4946EB645283 /* PlexItem.swift in Sources */ = {isa = PBXBuildFile; fileRef = D97C0F3FABBE04C2708A7342 /* PlexItem.swift */; };
		743D04AE4E0C4D0D4EE05C91 /* SignInView.swift in Sources */ = {isa = PBXBuildFile; fileRef = 327DB919DE34BC4DF0DF6171 /* SignInView.swift */; };
		74A6F8AAE94C574D65D60DD0 /* PlexMediaDetails.swift in Sources */ = {isa = PBXBuildFile; fileRef = 573F74A2D1ECED28B04F69D2 /* PlexMediaDetails.swift */; };
		7542C3A78D6D7E78721A8FF9 /* ActorDetailViewModel.swift in Sources */ = {isa = PBXBuildFile; fileRef = 574F738358EC4E558EB21467 /* ActorDetailViewModel.swift */; };
		7572C4AA0974CB7974C7C3FA /* PlaybackCoordinator+Timeline.swift in Sources */ = {isa = PBXBuildFile; fileRef = 215D686AF085421BB487A99B /* PlaybackCoordinator+Timeline.swift */; };
		75C980FFDD7F661558AE46FF /* PlayerView.swift in Sources */ = {isa = PBXBuildFile; fileRef = 7AF76486ADE83626369E565A /* PlayerView.swift */; };
		76C10151CC2AD185F29C3968 /* PlayerViewModel+Presentation.swift in Sources */ = {isa = PBXBuildFile; fileRef = F1F03EB8ED1133C5333C938E /* PlayerViewModel+Presentation.swift */; };
		76D040E4BE26F7A9AB14DAD4 /* StreamResolver.swift in Sources */ = {isa = PBXBuildFile; fileRef = D2E03BAD6F6D7F3A24BBB7BF /* StreamResolver.swift */; };
		789BEDF7C3E478F9C988362A /* KeychainHelper.swift in Sources */ = {isa = PBXBuildFile; fileRef = 75C93C23CBF78A0056EBE0D8 /* KeychainHelper.swift */; };
		78C6C2B409DAFA25AAD29BF6 /* PlexEpisode.swift in Sources */ = {isa = PBXBuildFile; fileRef = C0927BEB89B77166367AFA56 /* PlexEpisode.swift */; };
		7ABD00645B6B50BA21317CA2 /* PlexServer.swift in Sources */ = {isa = PBXBuildFile; fileRef = 0B42A00C8A899B9036425B3E /* PlexServer.swift */; };
		7AE565D623445AB3E42B43CA /* PlaybackCoordinator+UpNext.swift in Sources */ = {isa = PBXBuildFile; fileRef = FA5C16505D72C78779FBC7E7 /* PlaybackCoordinator+UpNext.swift */; };
		7D5FB4EA93CF82B4F0F37FCA /* PlayerView.swift in Sources */ = {isa = PBXBuildFile; fileRef = 7AF76486ADE83626369E565A /* PlayerView.swift */; };
		7DA2645AECB04893905F78AC /* FeatureStateViews.swift in Sources */ = {isa = PBXBuildFile; fileRef = 4B2925EAF3C19914BD1A6414 /* FeatureStateViews.swift */; };
		7E3BF2E0D39617CDC10BB9FA /* SettingsContainer.swift in Sources */ = {isa = PBXBuildFile; fileRef = AE6F7FECDE3C11C2D1CCA214 /* SettingsContainer.swift */; };
		8127F4D4447EBB68AFBE68B3 /* LibrariesViewModel.swift in Sources */ = {isa = PBXBuildFile; fileRef = B4EC987E87318E2BFA93ADA0 /* LibrariesViewModel.swift */; };
		81E883C4D7CE2828C3E5A822 /* PlexService+Auth.swift in Sources */ = {isa = PBXBuildFile; fileRef = FB337983FD00FD7C85386570 /* PlexService+Auth.swift */; };
		82C533CEEAECC860215B8F94 /* PlexService+Auth.swift in Sources */ = {isa = PBXBuildFile; fileRef = FB337983FD00FD7C85386570 /* PlexService+Auth.swift */; };
		8898B21F1AB7A56419314D02 /* PlexService+Networking.swift in Sources */ = {isa = PBXBuildFile; fileRef = 7AF6018BD333E33114E37C9C /* PlexService+Networking.swift */; };
		88EBDA8BD30C023D2FE3D5EA /* PlexMediaType.swift in Sources */ = {isa = PBXBuildFile; fileRef = 86559A01E84EC686EBEEDECB /* PlexMediaType.swift */; };
		8B58F17B03B0655F1DB24A37 /* UserPreferences.swift in Sources */ = {isa = PBXBuildFile; fileRef = 67267CA57BCFF55726919B4D /* UserPreferences.swift */; };
		8C8A078A0C29E27639377D0F /* ActorDetailViewModel.swift in Sources */ = {isa = PBXBuildFile; fileRef = 574F738358EC4E558EB21467 /* ActorDetailViewModel.swift */; };
		8FB92F26D505D22DDDE1B367 /* PlayerViewModel+TrackSelection.swift in Sources */ = {isa = PBXBuildFile; fileRef = 1E3EAF2638D0F06CB02215DF /* PlayerViewModel+TrackSelection.swift */; };
		91C30FBA614B5BEF68A8DB61 /* MediaCarousel.swift in Sources */ = {isa = PBXBuildFile; fileRef = 3E84406C8C1C0E18B6BD4D32 /* MediaCarousel.swift */; };
		94795F75B488C797EFEE1E93 /* PlaybackCoordinator.swift in Sources */ = {isa = PBXBuildFile; fileRef = 9A8C5D8503032DFB2DDEC895 /* PlaybackCoordinator.swift */; };
		993BADF29C6E085AB7CAEEFD /* PlexService+Playback.swift in Sources */ = {isa = PBXBuildFile; fileRef = E633961171327398791E552E /* PlexService+Playback.swift */; };
		9A040BA241B84235CDC9630E /* PlaybackError.swift in Sources */ = {isa = PBXBuildFile; fileRef = 4308451DD3CE3F9FBEE84EA7 /* PlaybackError.swift */; };
		9ABD723FB86B80B580E0069A /* VLCKitEngine.swift in Sources */ = {isa = PBXBuildFile; fileRef = D0FBDD990F75DBE769A45421 /* VLCKitEngine.swift */; };
		9C12BD74D3F9F2FEC9768FE9 /* PlexSeason.swift in Sources */ = {isa = PBXBuildFile; fileRef = 93D7902D253875230F093358 /* PlexSeason.swift */; };
		9D4237E5AE1EB9B6C6731103 /* PlexService+Images.swift in Sources */ = {isa = PBXBuildFile; fileRef = 6751E9DB256A843A177F1492 /* PlexService+Images.swift */; };
		9E116995C31AF13B4F4AF4F5 /* PlexService+Library.swift in Sources */ = {isa = PBXBuildFile; fileRef = D1EA6CCEA23C3304F38B78D7 /* PlexService+Library.swift */; };
		9E8D4CC4A8E04B9652317D2B /* LibrariesView.swift in Sources */ = {isa = PBXBuildFile; fileRef = 1465A76C131A58D985D6EF8B /* LibrariesView.swift */; };
		A044A3A01A60CFCEF89BEEB6 /* PlayerViewModel+PlaybackControls.swift in Sources */ = {isa = PBXBuildFile; fileRef = CFCE74BFF7FA1D80CC5FD1D0 /* PlayerViewModel+PlaybackControls.swift */; };
		A0739BC0AECBAEAA4493CA29 /* MediaCarousel.swift in Sources */ = {isa = PBXBuildFile; fileRef = 3E84406C8C1C0E18B6BD4D32 /* MediaCarousel.swift */; };
		A115C876A1FE69ECB48101C9 /* PlexPin.swift in Sources */ = {isa = PBXBuildFile; fileRef = EFA5D54D8E9EED23579806F1 /* PlexPin.swift */; };
		A22E8B744D14DC4EF752EE54 /* MovieDetailView.swift in Sources */ = {isa = PBXBuildFile; fileRef = ADD418AFDBF7E708D7555CFD /* MovieDetailView.swift */; };
		A2C6EC83179E5F92E489896D /* UserPreferences.swift in Sources */ = {isa = PBXBuildFile; fileRef = 67267CA57BCFF55726919B4D /* UserPreferences.swift */; };
		A346F0881F8D7C04D8720F8F /* PlayerSelectionSheet.swift in Sources */ = {isa = PBXBuildFile; fileRef = 48B1ECE0840EFAA073B10970 /* PlayerSelectionSheet.swift */; };
		A3BF3529338DEC72CFBEA79F /* CircularProgressView.swift in Sources */ = {isa = PBXBuildFile; fileRef = 5D8D699F78FA6910B7E4A587 /* CircularProgressView.swift */; };
		AA21CFFB68CC5E38580627CD /* PlexService+Servers.swift in Sources */ = {isa = PBXBuildFile; fileRef = 84810287472A5C85EE0B751F /* PlexService+Servers.swift */; };
		AA42A518297EF10F5CA7A4F8 /* PlexEpisode.swift in Sources */ = {isa = PBXBuildFile; fileRef = C0927BEB89B77166367AFA56 /* PlexEpisode.swift */; };
		ABA9903AC35A0A29883DBEFB /* View+Platform.swift in Sources */ = {isa = PBXBuildFile; fileRef = C2093D98894D53D593F96FB9 /* View+Platform.swift */; };
		ADFB8796DAF8DD847088512F /* SearchView.swift in Sources */ = {isa = PBXBuildFile; fileRef = 25FE8C06EE0E6E21DD598B7C /* SearchView.swift */; };
		AE82800C988151DF5717D6C5 /* SubtitleTrack.swift in Sources */ = {isa = PBXBuildFile; fileRef = 5493BC8E9828A5875E7700D0 /* SubtitleTrack.swift */; };
		B0B4EDE76D9A661D488523C1 /* SeasonDetailView.swift in Sources */ = {isa = PBXBuildFile; fileRef = EC749FF6253BF830C0C6B2E1 /* SeasonDetailView.swift */; };
		B1C4629DD7A801EA83F3E2A2 /* LaunchScreen.storyboard in Resources */ = {isa = PBXBuildFile; fileRef = 3C89C8715BE06C6898AC032B /* LaunchScreen.storyboard */; };
		B25DF36B72C459A5912E8024 /* ShowDetailViewModel.swift in Sources */ = {isa = PBXBuildFile; fileRef = 0FBE9B40CB6E7F23A88BAA00 /* ShowDetailViewModel.swift */; };
		B2702F9B5EC2B7139552854B /* SettingsContainer.swift in Sources */ = {isa = PBXBuildFile; fileRef = AE6F7FECDE3C11C2D1CCA214 /* SettingsContainer.swift */; };
		B45D5A7CBBE563FA40DAF046 /* SettingsView.swift in Sources */ = {isa = PBXBuildFile; fileRef = 09AC36CE538549470497AF52 /* SettingsView.swift */; };
		B60E67CC425981517ACE5D38 /* PlayerDebugOverlayView.swift in Sources */ = {isa = PBXBuildFile; fileRef = 7153AA7BE468FE8A85C79CE5 /* PlayerDebugOverlayView.swift */; };
		B7DA8C6E5840EFD773A22EA5 /* SeasonDetailViewModel.swift in Sources */ = {isa = PBXBuildFile; fileRef = 59D3DFD09891C72BA03E6F9D /* SeasonDetailViewModel.swift */; };
		BA2097294DA662726729FFEE /* HomeHubItemsView.swift in Sources */ = {isa = PBXBuildFile; fileRef = 1E408567EE9F363C18871F53 /* HomeHubItemsView.swift */; };
		BA972893749D65D729A6B30D /* PlaybackEngine.swift in Sources */ = {isa = PBXBuildFile; fileRef = ACFFB965A834EEB6A4372345 /* PlaybackEngine.swift */; };
		BA9E74091F704ED4565A42AA /* TVSettingsComponents.swift in Sources */ = {isa = PBXBuildFile; fileRef = 39877981AC8629CC236D441D /* TVSettingsComponents.swift */; };
		BB481D2C28D2E8EC78194EEB /* LibraryItemsView.swift in Sources */ = {isa = PBXBuildFile; fileRef = 209C0372A7410DEB5A5FA45C /* LibraryItemsView.swift */; };
		BCDE21A4079DA49B928448A2 /* SeasonDetailView.swift in Sources */ = {isa = PBXBuildFile; fileRef = EC749FF6253BF830C0C6B2E1 /* SeasonDetailView.swift */; };
		BCE19CADC1AC0939A2E7BFE3 /* AdaptivePosterGrid.swift in Sources */ = {isa = PBXBuildFile; fileRef = 74EF2D3ACAB03A87A07EB370 /* AdaptivePosterGrid.swift */; };
		BDA2EE606463EEB0E307FB94 /* DetailSharedViews.swift in Sources */ = {isa = PBXBuildFile; fileRef = 348F1B5EF3D8AD8AE52485B2 /* DetailSharedViews.swift */; };
		BE5CE3614C4F59318DDE5138 /* AdaptivePosterGrid.swift in Sources */ = {isa = PBXBuildFile; fileRef = 74EF2D3ACAB03A87A07EB370 /* AdaptivePosterGrid.swift */; };
		C39510CD657D1CBBD121F8E0 /* PlexHub.swift in Sources */ = {isa = PBXBuildFile; fileRef = F9771A4F964C286E6DA9AB6A /* PlexHub.swift */; };
		C45AD8910DC0A123DC0E5F2E /* HomeView.swift in Sources */ = {isa = PBXBuildFile; fileRef = 356E30FE6F72B592D5145C9A /* HomeView.swift */; };
		C49463126C51FEA7B700F08D /* StreamResolver.swift in Sources */ = {isa = PBXBuildFile; fileRef = D2E03BAD6F6D7F3A24BBB7BF /* StreamResolver.swift */; };
		C52BFED1B47A774815C6D610 /* SettingsViewModel.swift in Sources */ = {isa = PBXBuildFile; fileRef = D2A90BC03A7C9895263EAD07 /* SettingsViewModel.swift */; };
		C5B006A30C352B7EFCA3E3E7 /* ContentView.swift in Sources */ = {isa = PBXBuildFile; fileRef = F9D6DBE6A638087B8F5C28E9 /* ContentView.swift */; };
		C6CFAE42944FECDC31F3DBF4 /* ServerPickerView.swift in Sources */ = {isa = PBXBuildFile; fileRef = 124D4F0CD015D34571A61801 /* ServerPickerView.swift */; };
		C715E20173D8D250AD63FF6E /* PlexPin.swift in Sources */ = {isa = PBXBuildFile; fileRef = EFA5D54D8E9EED23579806F1 /* PlexPin.swift */; };
		C8641722826084DE53C8391D /* PlaybackState.swift in Sources */ = {isa = PBXBuildFile; fileRef = E247046B56BBFDBF4FF7FC91 /* PlaybackState.swift */; };
		CA4DC7DF0B8BE1B46453A237 /* EpisodeDetailView.swift in Sources */ = {isa = PBXBuildFile; fileRef = 88BFBF304D2D64AA6A7F75FF /* EpisodeDetailView.swift */; };
		CAC971D90C726FFF8CD92190 /* SearchViewModel.swift in Sources */ = {isa = PBXBuildFile; fileRef = CB9484196E903B651E4E88F1 /* SearchViewModel.swift */; };
		CDCAB20D887777BA7D071772 /* SettingsSupport.swift in Sources */ = {isa = PBXBuildFile; fileRef = 5B83088C3B0D85339B40E54C /* SettingsSupport.swift */; };
		CEE35B434ED04A143474C6E5 /* SettingsSupport.swift in Sources */ = {isa = PBXBuildFile; fileRef = 5B83088C3B0D85339B40E54C /* SettingsSupport.swift */; };
		CF965F0C589D6C1A0765B95B /* PlaybackCoordinator+Session.swift in Sources */ = {isa = PBXBuildFile; fileRef = 2D376ADA86C86B4C9AD6D918 /* PlaybackCoordinator+Session.swift */; };
		CFD40A8F2A3134A6C7AC20BB /* VLCKit.xcframework in Frameworks */ = {isa = PBXBuildFile; fileRef = DF6A3B1BC36ECD7390A15164 /* VLCKit.xcframework */; };
		D0136B06A06BFA786F00A21D /* AudioTrack.swift in Sources */ = {isa = PBXBuildFile; fileRef = 38EC7BA678169F299A46DB8D /* AudioTrack.swift */; };
		D01EE1426A3D7DE2EED23180 /* MovieDetailViewModel.swift in Sources */ = {isa = PBXBuildFile; fileRef = B58A13BD2862BF9B3DDC398E /* MovieDetailViewModel.swift */; };
		D02D380C3A1ABAEEA2D6C8EB /* PlaybackEngineFactory.swift in Sources */ = {isa = PBXBuildFile; fileRef = 9A5D35CEE6AC31BD13C6A72D /* PlaybackEngineFactory.swift */; };
		D1BA14BF7A25C9CE67DECEBB /* View+Platform.swift in Sources */ = {isa = PBXBuildFile; fileRef = C2093D98894D53D593F96FB9 /* View+Platform.swift */; };
		D2B66F5EDFD11E5FE43455D2 /* String+NilIfEmpty.swift in Sources */ = {isa = PBXBuildFile; fileRef = F4238A148972887A3594A4DB /* String+NilIfEmpty.swift */; };
		D3547B3596D70D4C1CA2AAD5 /* PlaybackCoordinator.swift in Sources */ = {isa = PBXBuildFile; fileRef = 9A8C5D8503032DFB2DDEC895 /* PlaybackCoordinator.swift */; };
		D3BB865813E3D954C0B3AB1A /* PlexService+Images.swift in Sources */ = {isa = PBXBuildFile; fileRef = 6751E9DB256A843A177F1492 /* PlexService+Images.swift */; };
		D7AFADBEE829D1A5A0EECEA2 /* PlaybackPresentationModels.swift in Sources */ = {isa = PBXBuildFile; fileRef = 7831CB35A3233D634CBDF627 /* PlaybackPresentationModels.swift */; };
		D7FB0B3ABA76D5483CA40A26 /* SettingsView.swift in Sources */ = {isa = PBXBuildFile; fileRef = 09AC36CE538549470497AF52 /* SettingsView.swift */; };
		D81213E65DFBCCF15B4B396C /* HomeHubItemsViewModel.swift in Sources */ = {isa = PBXBuildFile; fileRef = E67CCF87D1380B6C91B5B282 /* HomeHubItemsViewModel.swift */; };
		D86DC926C0D965156A52029C /* ServerPickerView.swift in Sources */ = {isa = PBXBuildFile; fileRef = 124D4F0CD015D34571A61801 /* ServerPickerView.swift */; };
		DD32CD2536C5003D5418EB53 /* PlayerUpNextOverlayView.swift in Sources */ = {isa = PBXBuildFile; fileRef = 79F09C85294EBFDDC944AE87 /* PlayerUpNextOverlayView.swift */; };
		DF845F197E074940561C8A79 /* ActorDetailView.swift in Sources */ = {isa = PBXBuildFile; fileRef = 286D5629D02733782DC17C24 /* ActorDetailView.swift */; };
		E56F8EA27538C2A446B729E4 /* PlexSeason.swift in Sources */ = {isa = PBXBuildFile; fileRef = 93D7902D253875230F093358 /* PlexSeason.swift */; };
		E78EB2C60D0F5056A10C2996 /* MovieDetailView.swift in Sources */ = {isa = PBXBuildFile; fileRef = ADD418AFDBF7E708D7555CFD /* MovieDetailView.swift */; };
		E824564A578481DFF8413BDD /* PlaybackCoordinator+Session.swift in Sources */ = {isa = PBXBuildFile; fileRef = 2D376ADA86C86B4C9AD6D918 /* PlaybackCoordinator+Session.swift */; };
		E82BEC767616D9DD1B35031C /* PlaybackError.swift in Sources */ = {isa = PBXBuildFile; fileRef = 4308451DD3CE3F9FBEE84EA7 /* PlaybackError.swift */; };
		E8CE4B0C485E19B1AA45EA30 /* PlexService+Servers.swift in Sources */ = {isa = PBXBuildFile; fileRef = 84810287472A5C85EE0B751F /* PlexService+Servers.swift */; };
		E9968304272BFA8A38216038 /* MediaDetailDestinationView.swift in Sources */ = {isa = PBXBuildFile; fileRef = 390DED2ED4295016D527E610 /* MediaDetailDestinationView.swift */; };
		EA5DDD3FA0B01249F467E9C8 /* PlexService+Library.swift in Sources */ = {isa = PBXBuildFile; fileRef = D1EA6CCEA23C3304F38B78D7 /* PlexService+Library.swift */; };
		EAEB3E862EE90F8C106EB566 /* HomeViewModel.swift in Sources */ = {isa = PBXBuildFile; fileRef = F693F697A72ECEE11C60FDD7 /* HomeViewModel.swift */; };
		EC08032B694893022D23D11E /* CircularProgressView.swift in Sources */ = {isa = PBXBuildFile; fileRef = 5D8D699F78FA6910B7E4A587 /* CircularProgressView.swift */; };
		ED238AE86F7DF69897977475 /* String+NilIfEmpty.swift in Sources */ = {isa = PBXBuildFile; fileRef = F4238A148972887A3594A4DB /* String+NilIfEmpty.swift */; };
		F1594FC7CAE49B73C8621432 /* PlayerUpNextOverlayView.swift in Sources */ = {isa = PBXBuildFile; fileRef = 79F09C85294EBFDDC944AE87 /* PlayerUpNextOverlayView.swift */; };
		F1951FADAA3E90CC284F1449 /* EpisodeRowView.swift in Sources */ = {isa = PBXBuildFile; fileRef = 2264D3998C09B3EF242902BC /* EpisodeRowView.swift */; };
		F3F7A07F98C8FA42E194B6D4 /* PlexSearchResult.swift in Sources */ = {isa = PBXBuildFile; fileRef = 427AA5081B3109208B05E693 /* PlexSearchResult.swift */; };
		F486B89EBCB984D8177EEEE6 /* PlayerDebugOverlayView.swift in Sources */ = {isa = PBXBuildFile; fileRef = 7153AA7BE468FE8A85C79CE5 /* PlayerDebugOverlayView.swift */; };
		F57A4C33589F7DA227C55CE0 /* VLCKitEngine.swift in Sources */ = {isa = PBXBuildFile; fileRef = D0FBDD990F75DBE769A45421 /* VLCKitEngine.swift */; };
		F59DBE1AD9B202B7C6FF1201 /* PlaybackEngine.swift in Sources */ = {isa = PBXBuildFile; fileRef = ACFFB965A834EEB6A4372345 /* PlaybackEngine.swift */; };
		F604A6955D5E77CA85BB49A2 /* PosterCard.swift in Sources */ = {isa = PBXBuildFile; fileRef = AC85B7143D7774B74A1855BF /* PosterCard.swift */; };
		F7E09A8F3F09533B84FD6C37 /* PlexLibrary.swift in Sources */ = {isa = PBXBuildFile; fileRef = FCC7B1185FAF95EDBB76EDBA /* PlexLibrary.swift */; };
		F95F506F3C508340981D3D45 /* PlayerViewModel.swift in Sources */ = {isa = PBXBuildFile; fileRef = E23D3C9E0486ECC98E7EF697 /* PlayerViewModel.swift */; };
		FCB03E78E06360652916B268 /* HomeHubItemsViewModel.swift in Sources */ = {isa = PBXBuildFile; fileRef = E67CCF87D1380B6C91B5B282 /* HomeHubItemsViewModel.swift */; };
		FDED3D0842AFE704BE1A4692 /* MediaDetailDestinationView.swift in Sources */ = {isa = PBXBuildFile; fileRef = 390DED2ED4295016D527E610 /* MediaDetailDestinationView.swift */; };
		FFF916BA397ADDA6F8F402BF /* MainTabView.swift in Sources */ = {isa = PBXBuildFile; fileRef = 7544739258CFA8FA07B61B54 /* MainTabView.swift */; };
/* End PBXBuildFile section */

/* Begin PBXCopyFilesBuildPhase section */
		14F0C2C029DCD35FB01DAB26 /* Embed Frameworks */ = {
			isa = PBXCopyFilesBuildPhase;
			buildActionMask = 2147483647;
			dstPath = "";
			dstSubfolderSpec = 10;
			files = (
				35A8DABDFB27352BF7A730F9 /* VLCKit.xcframework in Embed Frameworks */,
			);
			name = "Embed Frameworks";
			runOnlyForDeploymentPostprocessing = 0;
		};
/* End PBXCopyFilesBuildPhase section */

/* Begin PBXFileReference section */
		09AC36CE538549470497AF52 /* SettingsView.swift */ = {isa = PBXFileReference; lastKnownFileType = sourcecode.swift; path = SettingsView.swift; sourceTree = "<group>"; };
		0B42A00C8A899B9036425B3E /* PlexServer.swift */ = {isa = PBXFileReference; lastKnownFileType = sourcecode.swift; path = PlexServer.swift; sourceTree = "<group>"; };
		0FBE9B40CB6E7F23A88BAA00 /* ShowDetailViewModel.swift */ = {isa = PBXFileReference; lastKnownFileType = sourcecode.swift; path = ShowDetailViewModel.swift; sourceTree = "<group>"; };
		121B83543AC4BD8A706FD80B /* Dusk.app */ = {isa = PBXFileReference; explicitFileType = wrapper.application; includeInIndex = 0; path = Dusk.app; sourceTree = BUILT_PRODUCTS_DIR; };
		124D4F0CD015D34571A61801 /* ServerPickerView.swift */ = {isa = PBXFileReference; lastKnownFileType = sourcecode.swift; path = ServerPickerView.swift; sourceTree = "<group>"; };
		1381933827E832D2448FF0DB /* LibraryItemsViewModel.swift */ = {isa = PBXFileReference; lastKnownFileType = sourcecode.swift; path = LibraryItemsViewModel.swift; sourceTree = "<group>"; };
		1465A76C131A58D985D6EF8B /* LibrariesView.swift */ = {isa = PBXFileReference; lastKnownFileType = sourcecode.swift; path = LibrariesView.swift; sourceTree = "<group>"; };
		1CBED87D1B9D75585F4DD189 /* PlexService+People.swift */ = {isa = PBXFileReference; lastKnownFileType = sourcecode.swift; path = "PlexService+People.swift"; sourceTree = "<group>"; };
		1E3EAF2638D0F06CB02215DF /* PlayerViewModel+TrackSelection.swift */ = {isa = PBXFileReference; lastKnownFileType = sourcecode.swift; path = "PlayerViewModel+TrackSelection.swift"; sourceTree = "<group>"; };
		1E408567EE9F363C18871F53 /* HomeHubItemsView.swift */ = {isa = PBXFileReference; lastKnownFileType = sourcecode.swift; path = HomeHubItemsView.swift; sourceTree = "<group>"; };
		209C0372A7410DEB5A5FA45C /* LibraryItemsView.swift */ = {isa = PBXFileReference; lastKnownFileType = sourcecode.swift; path = LibraryItemsView.swift; sourceTree = "<group>"; };
		215D686AF085421BB487A99B /* PlaybackCoordinator+Timeline.swift */ = {isa = PBXFileReference; lastKnownFileType = sourcecode.swift; path = "PlaybackCoordinator+Timeline.swift"; sourceTree = "<group>"; };
		2264D3998C09B3EF242902BC /* EpisodeRowView.swift */ = {isa = PBXFileReference; lastKnownFileType = sourcecode.swift; path = EpisodeRowView.swift; sourceTree = "<group>"; };
		25FE8C06EE0E6E21DD598B7C /* SearchView.swift */ = {isa = PBXFileReference; lastKnownFileType = sourcecode.swift; path = SearchView.swift; sourceTree = "<group>"; };
		286D5629D02733782DC17C24 /* ActorDetailView.swift */ = {isa = PBXFileReference; lastKnownFileType = sourcecode.swift; path = ActorDetailView.swift; sourceTree = "<group>"; };
		28D81792E63C82C8F090AFB1 /* Assets.xcassets */ = {isa = PBXFileReference; lastKnownFileType = folder.assetcatalog; path = Assets.xcassets; sourceTree = "<group>"; };
		2D376ADA86C86B4C9AD6D918 /* PlaybackCoordinator+Session.swift */ = {isa = PBXFileReference; lastKnownFileType = sourcecode.swift; path = "PlaybackCoordinator+Session.swift"; sourceTree = "<group>"; };
		327DB919DE34BC4DF0DF6171 /* SignInView.swift */ = {isa = PBXFileReference; lastKnownFileType = sourcecode.swift; path = SignInView.swift; sourceTree = "<group>"; };
		348F1B5EF3D8AD8AE52485B2 /* DetailSharedViews.swift */ = {isa = PBXFileReference; lastKnownFileType = sourcecode.swift; path = DetailSharedViews.swift; sourceTree = "<group>"; };
		356E30FE6F72B592D5145C9A /* HomeView.swift */ = {isa = PBXFileReference; lastKnownFileType = sourcecode.swift; path = HomeView.swift; sourceTree = "<group>"; };
		3821AD42F46ABA0789C0ABE1 /* SettingsTVView.swift */ = {isa = PBXFileReference; lastKnownFileType = sourcecode.swift; path = SettingsTVView.swift; sourceTree = "<group>"; };
		38EC7BA678169F299A46DB8D /* AudioTrack.swift */ = {isa = PBXFileReference; lastKnownFileType = sourcecode.swift; path = AudioTrack.swift; sourceTree = "<group>"; };
		390DED2ED4295016D527E610 /* MediaDetailDestinationView.swift */ = {isa = PBXFileReference; lastKnownFileType = sourcecode.swift; path = MediaDetailDestinationView.swift; sourceTree = "<group>"; };
		39877981AC8629CC236D441D /* TVSettingsComponents.swift */ = {isa = PBXFileReference; lastKnownFileType = sourcecode.swift; path = TVSettingsComponents.swift; sourceTree = "<group>"; };
		3C89C8715BE06C6898AC032B /* LaunchScreen.storyboard */ = {isa = PBXFileReference; lastKnownFileType = file.storyboard; path = LaunchScreen.storyboard; sourceTree = "<group>"; };
		3E84406C8C1C0E18B6BD4D32 /* MediaCarousel.swift */ = {isa = PBXFileReference; lastKnownFileType = sourcecode.swift; path = MediaCarousel.swift; sourceTree = "<group>"; };
		427AA5081B3109208B05E693 /* PlexSearchResult.swift */ = {isa = PBXFileReference; lastKnownFileType = sourcecode.swift; path = PlexSearchResult.swift; sourceTree = "<group>"; };
		4308451DD3CE3F9FBEE84EA7 /* PlaybackError.swift */ = {isa = PBXFileReference; lastKnownFileType = sourcecode.swift; path = PlaybackError.swift; sourceTree = "<group>"; };
		48B1ECE0840EFAA073B10970 /* PlayerSelectionSheet.swift */ = {isa = PBXFileReference; lastKnownFileType = sourcecode.swift; path = PlayerSelectionSheet.swift; sourceTree = "<group>"; };
		4B2925EAF3C19914BD1A6414 /* FeatureStateViews.swift */ = {isa = PBXFileReference; lastKnownFileType = sourcecode.swift; path = FeatureStateViews.swift; sourceTree = "<group>"; };
		5493BC8E9828A5875E7700D0 /* SubtitleTrack.swift */ = {isa = PBXFileReference; lastKnownFileType = sourcecode.swift; path = SubtitleTrack.swift; sourceTree = "<group>"; };
		573F74A2D1ECED28B04F69D2 /* PlexMediaDetails.swift */ = {isa = PBXFileReference; lastKnownFileType = sourcecode.swift; path = PlexMediaDetails.swift; sourceTree = "<group>"; };
		574F738358EC4E558EB21467 /* ActorDetailViewModel.swift */ = {isa = PBXFileReference; lastKnownFileType = sourcecode.swift; path = ActorDetailViewModel.swift; sourceTree = "<group>"; };
		59D3DFD09891C72BA03E6F9D /* SeasonDetailViewModel.swift */ = {isa = PBXFileReference; lastKnownFileType = sourcecode.swift; path = SeasonDetailViewModel.swift; sourceTree = "<group>"; };
		5B83088C3B0D85339B40E54C /* SettingsSupport.swift */ = {isa = PBXFileReference; lastKnownFileType = sourcecode.swift; path = SettingsSupport.swift; sourceTree = "<group>"; };
		5D8D699F78FA6910B7E4A587 /* CircularProgressView.swift */ = {isa = PBXFileReference; lastKnownFileType = sourcecode.swift; path = CircularProgressView.swift; sourceTree = "<group>"; };
		5FABA212CEF54442E338EF5F /* MediaFormatting.swift */ = {isa = PBXFileReference; lastKnownFileType = sourcecode.swift; path = MediaFormatting.swift; sourceTree = "<group>"; };
		67267CA57BCFF55726919B4D /* UserPreferences.swift */ = {isa = PBXFileReference; lastKnownFileType = sourcecode.swift; path = UserPreferences.swift; sourceTree = "<group>"; };
		6751E9DB256A843A177F1492 /* PlexService+Images.swift */ = {isa = PBXFileReference; lastKnownFileType = sourcecode.swift; path = "PlexService+Images.swift"; sourceTree = "<group>"; };
		6E04ECF8E20F247BA70F3250 /* DuskApp.swift */ = {isa = PBXFileReference; lastKnownFileType = sourcecode.swift; path = DuskApp.swift; sourceTree = "<group>"; };
		7153AA7BE468FE8A85C79CE5 /* PlayerDebugOverlayView.swift */ = {isa = PBXFileReference; lastKnownFileType = sourcecode.swift; path = PlayerDebugOverlayView.swift; sourceTree = "<group>"; };
		74EF2D3ACAB03A87A07EB370 /* AdaptivePosterGrid.swift */ = {isa = PBXFileReference; lastKnownFileType = sourcecode.swift; path = AdaptivePosterGrid.swift; sourceTree = "<group>"; };
		7544739258CFA8FA07B61B54 /* MainTabView.swift */ = {isa = PBXFileReference; lastKnownFileType = sourcecode.swift; path = MainTabView.swift; sourceTree = "<group>"; };
		75C93C23CBF78A0056EBE0D8 /* KeychainHelper.swift */ = {isa = PBXFileReference; lastKnownFileType = sourcecode.swift; path = KeychainHelper.swift; sourceTree = "<group>"; };
		7831CB35A3233D634CBDF627 /* PlaybackPresentationModels.swift */ = {isa = PBXFileReference; lastKnownFileType = sourcecode.swift; path = PlaybackPresentationModels.swift; sourceTree = "<group>"; };
		79F09C85294EBFDDC944AE87 /* PlayerUpNextOverlayView.swift */ = {isa = PBXFileReference; lastKnownFileType = sourcecode.swift; path = PlayerUpNextOverlayView.swift; sourceTree = "<group>"; };
		7AF6018BD333E33114E37C9C /* PlexService+Networking.swift */ = {isa = PBXFileReference; lastKnownFileType = sourcecode.swift; path = "PlexService+Networking.swift"; sourceTree = "<group>"; };
		7AF76486ADE83626369E565A /* PlayerView.swift */ = {isa = PBXFileReference; lastKnownFileType = sourcecode.swift; path = PlayerView.swift; sourceTree = "<group>"; };
		7F5B10C80802214DB6C255DB /* PlayerControlsOverlay.swift */ = {isa = PBXFileReference; lastKnownFileType = sourcecode.swift; path = PlayerControlsOverlay.swift; sourceTree = "<group>"; };
		84810287472A5C85EE0B751F /* PlexService+Servers.swift */ = {isa = PBXFileReference; lastKnownFileType = sourcecode.swift; path = "PlexService+Servers.swift"; sourceTree = "<group>"; };
		86559A01E84EC686EBEEDECB /* PlexMediaType.swift */ = {isa = PBXFileReference; lastKnownFileType = sourcecode.swift; path = PlexMediaType.swift; sourceTree = "<group>"; };
		888D6327978234F944C7B711 /* AVPlayerEngine.swift */ = {isa = PBXFileReference; lastKnownFileType = sourcecode.swift; path = AVPlayerEngine.swift; sourceTree = "<group>"; };
		88BFBF304D2D64AA6A7F75FF /* EpisodeDetailView.swift */ = {isa = PBXFileReference; lastKnownFileType = sourcecode.swift; path = EpisodeDetailView.swift; sourceTree = "<group>"; };
		88E0CEE228B108E654D2D3FD /* ShowDetailView.swift */ = {isa = PBXFileReference; lastKnownFileType = sourcecode.swift; path = ShowDetailView.swift; sourceTree = "<group>"; };
		93D7902D253875230F093358 /* PlexSeason.swift */ = {isa = PBXFileReference; lastKnownFileType = sourcecode.swift; path = PlexSeason.swift; sourceTree = "<group>"; };
		93F6A3B7D2BD7ED06829964A /* SettingsIOSView.swift */ = {isa = PBXFileReference; lastKnownFileType = sourcecode.swift; path = SettingsIOSView.swift; sourceTree = "<group>"; };
		9A5D35CEE6AC31BD13C6A72D /* PlaybackEngineFactory.swift */ = {isa = PBXFileReference; lastKnownFileType = sourcecode.swift; path = PlaybackEngineFactory.swift; sourceTree = "<group>"; };
		9A8C5D8503032DFB2DDEC895 /* PlaybackCoordinator.swift */ = {isa = PBXFileReference; lastKnownFileType = sourcecode.swift; path = PlaybackCoordinator.swift; sourceTree = "<group>"; };
		A3658E173CAB9A21489A636A /* Dusk-tvOS.app */ = {isa = PBXFileReference; includeInIndex = 0; lastKnownFileType = wrapper.application; name = "Dusk-tvOS.app"; path = Dusk.app; sourceTree = BUILT_PRODUCTS_DIR; };
		AC85B7143D7774B74A1855BF /* PosterCard.swift */ = {isa = PBXFileReference; lastKnownFileType = sourcecode.swift; path = PosterCard.swift; sourceTree = "<group>"; };
		ACFFB965A834EEB6A4372345 /* PlaybackEngine.swift */ = {isa = PBXFileReference; lastKnownFileType = sourcecode.swift; path = PlaybackEngine.swift; sourceTree = "<group>"; };
		ADD418AFDBF7E708D7555CFD /* MovieDetailView.swift */ = {isa = PBXFileReference; lastKnownFileType = sourcecode.swift; path = MovieDetailView.swift; sourceTree = "<group>"; };
		AE6F7FECDE3C11C2D1CCA214 /* SettingsContainer.swift */ = {isa = PBXFileReference; lastKnownFileType = sourcecode.swift; path = SettingsContainer.swift; sourceTree = "<group>"; };
		B4EC987E87318E2BFA93ADA0 /* LibrariesViewModel.swift */ = {isa = PBXFileReference; lastKnownFileType = sourcecode.swift; path = LibrariesViewModel.swift; sourceTree = "<group>"; };
		B58A13BD2862BF9B3DDC398E /* MovieDetailViewModel.swift */ = {isa = PBXFileReference; lastKnownFileType = sourcecode.swift; path = MovieDetailViewModel.swift; sourceTree = "<group>"; };
		C0927BEB89B77166367AFA56 /* PlexEpisode.swift */ = {isa = PBXFileReference; lastKnownFileType = sourcecode.swift; path = PlexEpisode.swift; sourceTree = "<group>"; };
		C2093D98894D53D593F96FB9 /* View+Platform.swift */ = {isa = PBXFileReference; lastKnownFileType = sourcecode.swift; path = "View+Platform.swift"; sourceTree = "<group>"; };
		CB9484196E903B651E4E88F1 /* SearchViewModel.swift */ = {isa = PBXFileReference; lastKnownFileType = sourcecode.swift; path = SearchViewModel.swift; sourceTree = "<group>"; };
		CCFB62797314A3D853B52051 /* EpisodeDetailViewModel.swift */ = {isa = PBXFileReference; lastKnownFileType = sourcecode.swift; path = EpisodeDetailViewModel.swift; sourceTree = "<group>"; };
		CFCE74BFF7FA1D80CC5FD1D0 /* PlayerViewModel+PlaybackControls.swift */ = {isa = PBXFileReference; lastKnownFileType = sourcecode.swift; path = "PlayerViewModel+PlaybackControls.swift"; sourceTree = "<group>"; };
		D0FBDD990F75DBE769A45421 /* VLCKitEngine.swift */ = {isa = PBXFileReference; lastKnownFileType = sourcecode.swift; path = VLCKitEngine.swift; sourceTree = "<group>"; };
		D1EA6CCEA23C3304F38B78D7 /* PlexService+Library.swift */ = {isa = PBXFileReference; lastKnownFileType = sourcecode.swift; path = "PlexService+Library.swift"; sourceTree = "<group>"; };
		D2A90BC03A7C9895263EAD07 /* SettingsViewModel.swift */ = {isa = PBXFileReference; lastKnownFileType = sourcecode.swift; path = SettingsViewModel.swift; sourceTree = "<group>"; };
		D2E03BAD6F6D7F3A24BBB7BF /* StreamResolver.swift */ = {isa = PBXFileReference; lastKnownFileType = sourcecode.swift; path = StreamResolver.swift; sourceTree = "<group>"; };
		D97C0F3FABBE04C2708A7342 /* PlexItem.swift */ = {isa = PBXFileReference; lastKnownFileType = sourcecode.swift; path = PlexItem.swift; sourceTree = "<group>"; };
		DF6A3B1BC36ECD7390A15164 /* VLCKit.xcframework */ = {isa = PBXFileReference; lastKnownFileType = wrapper.xcframework; name = VLCKit.xcframework; path = Frameworks/VLCKit.xcframework; sourceTree = "<group>"; };
		E23D3C9E0486ECC98E7EF697 /* PlayerViewModel.swift */ = {isa = PBXFileReference; lastKnownFileType = sourcecode.swift; path = PlayerViewModel.swift; sourceTree = "<group>"; };
		E247046B56BBFDBF4FF7FC91 /* PlaybackState.swift */ = {isa = PBXFileReference; lastKnownFileType = sourcecode.swift; path = PlaybackState.swift; sourceTree = "<group>"; };
		E633961171327398791E552E /* PlexService+Playback.swift */ = {isa = PBXFileReference; lastKnownFileType = sourcecode.swift; path = "PlexService+Playback.swift"; sourceTree = "<group>"; };
		E67CCF87D1380B6C91B5B282 /* HomeHubItemsViewModel.swift */ = {isa = PBXFileReference; lastKnownFileType = sourcecode.swift; path = HomeHubItemsViewModel.swift; sourceTree = "<group>"; };
		EC07DAEED42C6DF6C3F87FA7 /* PlexServiceError.swift */ = {isa = PBXFileReference; lastKnownFileType = sourcecode.swift; path = PlexServiceError.swift; sourceTree = "<group>"; };
		EC749FF6253BF830C0C6B2E1 /* SeasonDetailView.swift */ = {isa = PBXFileReference; lastKnownFileType = sourcecode.swift; path = SeasonDetailView.swift; sourceTree = "<group>"; };
		EFA5D54D8E9EED23579806F1 /* PlexPin.swift */ = {isa = PBXFileReference; lastKnownFileType = sourcecode.swift; path = PlexPin.swift; sourceTree = "<group>"; };
		F130EA9B63C28644580E81B6 /* PlexService.swift */ = {isa = PBXFileReference; lastKnownFileType = sourcecode.swift; path = PlexService.swift; sourceTree = "<group>"; };
		F1F03EB8ED1133C5333C938E /* PlayerViewModel+Presentation.swift */ = {isa = PBXFileReference; lastKnownFileType = sourcecode.swift; path = "PlayerViewModel+Presentation.swift"; sourceTree = "<group>"; };
		F4238A148972887A3594A4DB /* String+NilIfEmpty.swift */ = {isa = PBXFileReference; lastKnownFileType = sourcecode.swift; path = "String+NilIfEmpty.swift"; sourceTree = "<group>"; };
		F693F697A72ECEE11C60FDD7 /* HomeViewModel.swift */ = {isa = PBXFileReference; lastKnownFileType = sourcecode.swift; path = HomeViewModel.swift; sourceTree = "<group>"; };
		F9771A4F964C286E6DA9AB6A /* PlexHub.swift */ = {isa = PBXFileReference; lastKnownFileType = sourcecode.swift; path = PlexHub.swift; sourceTree = "<group>"; };
		F9D6DBE6A638087B8F5C28E9 /* ContentView.swift */ = {isa = PBXFileReference; lastKnownFileType = sourcecode.swift; path = ContentView.swift; sourceTree = "<group>"; };
		FA5C16505D72C78779FBC7E7 /* PlaybackCoordinator+UpNext.swift */ = {isa = PBXFileReference; lastKnownFileType = sourcecode.swift; path = "PlaybackCoordinator+UpNext.swift"; sourceTree = "<group>"; };
		FB337983FD00FD7C85386570 /* PlexService+Auth.swift */ = {isa = PBXFileReference; lastKnownFileType = sourcecode.swift; path = "PlexService+Auth.swift"; sourceTree = "<group>"; };
		FCC7B1185FAF95EDBB76EDBA /* PlexLibrary.swift */ = {isa = PBXFileReference; lastKnownFileType = sourcecode.swift; path = PlexLibrary.swift; sourceTree = "<group>"; };
/* End PBXFileReference section */

/* Begin PBXFrameworksBuildPhase section */
		6AAA87650960B8F86766DDF1 /* Frameworks */ = {
			isa = PBXFrameworksBuildPhase;
			buildActionMask = 2147483647;
			files = (
				CFD40A8F2A3134A6C7AC20BB /* VLCKit.xcframework in Frameworks */,
			);
			runOnlyForDeploymentPostprocessing = 0;
		};
/* End PBXFrameworksBuildPhase section */

/* Begin PBXGroup section */
		122846118FAE88E39D0F69B9 /* Account */ = {
			isa = PBXGroup;
			children = (
				124D4F0CD015D34571A61801 /* ServerPickerView.swift */,
				327DB919DE34BC4DF0DF6171 /* SignInView.swift */,
			);
			path = Account;
			sourceTree = "<group>";
		};
		16E3B87B70144CDD831EAB73 /* Sources */ = {
			isa = PBXGroup;
			children = (
				9AA197EDAC78A9DDE759528F /* App */,
				547EF8FE6708F60AB865E84C /* Features */,
				819FC7005276FFA5AD8BBC4D /* Models */,
				D185124047C7E06DD95A7117 /* Playback */,
				92DC73DF4D4CADF84CBCC1F6 /* PlexService */,
				5764B18FBD640616A6999D50 /* Shared */,
			);
			name = Sources;
			path = Dusk/Sources;
			sourceTree = "<group>";
		};
		1CB985811D3A12B7D2FB4419 /* Products */ = {
			isa = PBXGroup;
			children = (
				A3658E173CAB9A21489A636A /* Dusk-tvOS.app */,
				121B83543AC4BD8A706FD80B /* Dusk.app */,
			);
			name = Products;
			sourceTree = "<group>";
		};
		25401015549A3F126864EF4A /* Settings */ = {
			isa = PBXGroup;
			children = (
				AE6F7FECDE3C11C2D1CCA214 /* SettingsContainer.swift */,
				93F6A3B7D2BD7ED06829964A /* SettingsIOSView.swift */,
				5B83088C3B0D85339B40E54C /* SettingsSupport.swift */,
				3821AD42F46ABA0789C0ABE1 /* SettingsTVView.swift */,
				09AC36CE538549470497AF52 /* SettingsView.swift */,
				D2A90BC03A7C9895263EAD07 /* SettingsViewModel.swift */,
				39877981AC8629CC236D441D /* TVSettingsComponents.swift */,
				67267CA57BCFF55726919B4D /* UserPreferences.swift */,
			);
			path = Settings;
			sourceTree = "<group>";
		};
		2601C0111F0B3F44DFF81267 /* Home */ = {
			isa = PBXGroup;
			children = (
				1E408567EE9F363C18871F53 /* HomeHubItemsView.swift */,
				E67CCF87D1380B6C91B5B282 /* HomeHubItemsViewModel.swift */,
				356E30FE6F72B592D5145C9A /* HomeView.swift */,
				F693F697A72ECEE11C60FDD7 /* HomeViewModel.swift */,
			);
			path = Home;
			sourceTree = "<group>";
		};
		3704401D9C7DFA5FDF5C891A /* Libraries */ = {
			isa = PBXGroup;
			children = (
				1465A76C131A58D985D6EF8B /* LibrariesView.swift */,
				B4EC987E87318E2BFA93ADA0 /* LibrariesViewModel.swift */,
				209C0372A7410DEB5A5FA45C /* LibraryItemsView.swift */,
				1381933827E832D2448FF0DB /* LibraryItemsViewModel.swift */,
			);
			path = Libraries;
			sourceTree = "<group>";
		};
		40FD5CD01D49F7CE067AE4C5 /* Player */ = {
			isa = PBXGroup;
			children = (
				9A8C5D8503032DFB2DDEC895 /* PlaybackCoordinator.swift */,
				2D376ADA86C86B4C9AD6D918 /* PlaybackCoordinator+Session.swift */,
				215D686AF085421BB487A99B /* PlaybackCoordinator+Timeline.swift */,
				FA5C16505D72C78779FBC7E7 /* PlaybackCoordinator+UpNext.swift */,
				7831CB35A3233D634CBDF627 /* PlaybackPresentationModels.swift */,
				7F5B10C80802214DB6C255DB /* PlayerControlsOverlay.swift */,
				7153AA7BE468FE8A85C79CE5 /* PlayerDebugOverlayView.swift */,
				48B1ECE0840EFAA073B10970 /* PlayerSelectionSheet.swift */,
				79F09C85294EBFDDC944AE87 /* PlayerUpNextOverlayView.swift */,
				7AF76486ADE83626369E565A /* PlayerView.swift */,
				E23D3C9E0486ECC98E7EF697 /* PlayerViewModel.swift */,
				CFCE74BFF7FA1D80CC5FD1D0 /* PlayerViewModel+PlaybackControls.swift */,
				F1F03EB8ED1133C5333C938E /* PlayerViewModel+Presentation.swift */,
				1E3EAF2638D0F06CB02215DF /* PlayerViewModel+TrackSelection.swift */,
			);
			path = Player;
			sourceTree = "<group>";
		};
		4A07890AB8FCD02F4F809977 /* Frameworks */ = {
			isa = PBXGroup;
			children = (
				DF6A3B1BC36ECD7390A15164 /* VLCKit.xcframework */,
			);
			name = Frameworks;
			sourceTree = "<group>";
		};
		547EF8FE6708F60AB865E84C /* Features */ = {
			isa = PBXGroup;
			children = (
				122846118FAE88E39D0F69B9 /* Account */,
				B6E317C871E835E1F835161F /* Detail */,
				2601C0111F0B3F44DFF81267 /* Home */,
				3704401D9C7DFA5FDF5C891A /* Libraries */,
				40FD5CD01D49F7CE067AE4C5 /* Player */,
				E0972C60D4EC68F21F615CAC /* Search */,
				25401015549A3F126864EF4A /* Settings */,
			);
			path = Features;
			sourceTree = "<group>";
		};
		5764B18FBD640616A6999D50 /* Shared */ = {
			isa = PBXGroup;
			children = (
				74EF2D3ACAB03A87A07EB370 /* AdaptivePosterGrid.swift */,
				5D8D699F78FA6910B7E4A587 /* CircularProgressView.swift */,
				4B2925EAF3C19914BD1A6414 /* FeatureStateViews.swift */,
				3E84406C8C1C0E18B6BD4D32 /* MediaCarousel.swift */,
				5FABA212CEF54442E338EF5F /* MediaFormatting.swift */,
				AC85B7143D7774B74A1855BF /* PosterCard.swift */,
				F4238A148972887A3594A4DB /* String+NilIfEmpty.swift */,
				C2093D98894D53D593F96FB9 /* View+Platform.swift */,
			);
			path = Shared;
			sourceTree = "<group>";
		};
		819FC7005276FFA5AD8BBC4D /* Models */ = {
			isa = PBXGroup;
			children = (
				38EC7BA678169F299A46DB8D /* AudioTrack.swift */,
				4308451DD3CE3F9FBEE84EA7 /* PlaybackError.swift */,
				E247046B56BBFDBF4FF7FC91 /* PlaybackState.swift */,
				C0927BEB89B77166367AFA56 /* PlexEpisode.swift */,
				F9771A4F964C286E6DA9AB6A /* PlexHub.swift */,
				D97C0F3FABBE04C2708A7342 /* PlexItem.swift */,
				FCC7B1185FAF95EDBB76EDBA /* PlexLibrary.swift */,
				573F74A2D1ECED28B04F69D2 /* PlexMediaDetails.swift */,
				86559A01E84EC686EBEEDECB /* PlexMediaType.swift */,
				EFA5D54D8E9EED23579806F1 /* PlexPin.swift */,
				427AA5081B3109208B05E693 /* PlexSearchResult.swift */,
				93D7902D253875230F093358 /* PlexSeason.swift */,
				0B42A00C8A899B9036425B3E /* PlexServer.swift */,
				5493BC8E9828A5875E7700D0 /* SubtitleTrack.swift */,
			);
			path = Models;
			sourceTree = "<group>";
		};
		92DC73DF4D4CADF84CBCC1F6 /* PlexService */ = {
			isa = PBXGroup;
			children = (
				75C93C23CBF78A0056EBE0D8 /* KeychainHelper.swift */,
				F130EA9B63C28644580E81B6 /* PlexService.swift */,
				FB337983FD00FD7C85386570 /* PlexService+Auth.swift */,
				6751E9DB256A843A177F1492 /* PlexService+Images.swift */,
				D1EA6CCEA23C3304F38B78D7 /* PlexService+Library.swift */,
				7AF6018BD333E33114E37C9C /* PlexService+Networking.swift */,
				1CBED87D1B9D75585F4DD189 /* PlexService+People.swift */,
				E633961171327398791E552E /* PlexService+Playback.swift */,
				84810287472A5C85EE0B751F /* PlexService+Servers.swift */,
				EC07DAEED42C6DF6C3F87FA7 /* PlexServiceError.swift */,
			);
			path = PlexService;
			sourceTree = "<group>";
		};
		9AA197EDAC78A9DDE759528F /* App */ = {
			isa = PBXGroup;
			children = (
				F9D6DBE6A638087B8F5C28E9 /* ContentView.swift */,
				6E04ECF8E20F247BA70F3250 /* DuskApp.swift */,
				7544739258CFA8FA07B61B54 /* MainTabView.swift */,
			);
			path = App;
			sourceTree = "<group>";
		};
		B298B6F63F825CE5F301D403 = {
			isa = PBXGroup;
			children = (
				C94A28491B3FCC141F699255 /* Resources */,
				16E3B87B70144CDD831EAB73 /* Sources */,
				4A07890AB8FCD02F4F809977 /* Frameworks */,
				1CB985811D3A12B7D2FB4419 /* Products */,
			);
			sourceTree = "<group>";
		};
		B6E317C871E835E1F835161F /* Detail */ = {
			isa = PBXGroup;
			children = (
				286D5629D02733782DC17C24 /* ActorDetailView.swift */,
				574F738358EC4E558EB21467 /* ActorDetailViewModel.swift */,
				348F1B5EF3D8AD8AE52485B2 /* DetailSharedViews.swift */,
				88BFBF304D2D64AA6A7F75FF /* EpisodeDetailView.swift */,
				CCFB62797314A3D853B52051 /* EpisodeDetailViewModel.swift */,
				2264D3998C09B3EF242902BC /* EpisodeRowView.swift */,
				390DED2ED4295016D527E610 /* MediaDetailDestinationView.swift */,
				ADD418AFDBF7E708D7555CFD /* MovieDetailView.swift */,
				B58A13BD2862BF9B3DDC398E /* MovieDetailViewModel.swift */,
				EC749FF6253BF830C0C6B2E1 /* SeasonDetailView.swift */,
				59D3DFD09891C72BA03E6F9D /* SeasonDetailViewModel.swift */,
				88E0CEE228B108E654D2D3FD /* ShowDetailView.swift */,
				0FBE9B40CB6E7F23A88BAA00 /* ShowDetailViewModel.swift */,
			);
			path = Detail;
			sourceTree = "<group>";
		};
		C94A28491B3FCC141F699255 /* Resources */ = {
			isa = PBXGroup;
			children = (
				28D81792E63C82C8F090AFB1 /* Assets.xcassets */,
				3C89C8715BE06C6898AC032B /* LaunchScreen.storyboard */,
			);
			name = Resources;
			path = Dusk/Resources;
			sourceTree = "<group>";
		};
		D185124047C7E06DD95A7117 /* Playback */ = {
			isa = PBXGroup;
			children = (
				888D6327978234F944C7B711 /* AVPlayerEngine.swift */,
				ACFFB965A834EEB6A4372345 /* PlaybackEngine.swift */,
				9A5D35CEE6AC31BD13C6A72D /* PlaybackEngineFactory.swift */,
				D2E03BAD6F6D7F3A24BBB7BF /* StreamResolver.swift */,
				D0FBDD990F75DBE769A45421 /* VLCKitEngine.swift */,
			);
			path = Playback;
			sourceTree = "<group>";
		};
		E0972C60D4EC68F21F615CAC /* Search */ = {
			isa = PBXGroup;
			children = (
				25FE8C06EE0E6E21DD598B7C /* SearchView.swift */,
				CB9484196E903B651E4E88F1 /* SearchViewModel.swift */,
			);
			path = Search;
			sourceTree = "<group>";
		};
/* End PBXGroup section */

/* Begin PBXNativeTarget section */
		23B6BD169B5570FCE5D186ED /* Dusk-tvOS */ = {
			isa = PBXNativeTarget;
			buildConfigurationList = 304DA7A21F5581A082D21228 /* Build configuration list for PBXNativeTarget "Dusk-tvOS" */;
			buildPhases = (
				1A0F757B2C046BB3CC7E147E /* Sources */,
				59E964A6B021CE1C3B7AAA5D /* Resources */,
			);
			buildRules = (
			);
			dependencies = (
			);
			name = "Dusk-tvOS";
			packageProductDependencies = (
			);
			productName = "Dusk-tvOS";
			productReference = A3658E173CAB9A21489A636A /* Dusk-tvOS.app */;
			productType = "com.apple.product-type.application";
		};
		9F2F34542FD6C75BD284834F /* Dusk */ = {
			isa = PBXNativeTarget;
			buildConfigurationList = 39B8F0CD1C7653F895A696B5 /* Build configuration list for PBXNativeTarget "Dusk" */;
			buildPhases = (
				30F878327E3591C91E9F09B1 /* Sources */,
				FAFC774E61400ADC66821212 /* Resources */,
				6AAA87650960B8F86766DDF1 /* Frameworks */,
				14F0C2C029DCD35FB01DAB26 /* Embed Frameworks */,
			);
			buildRules = (
			);
			dependencies = (
			);
			name = Dusk;
			packageProductDependencies = (
			);
			productName = Dusk;
			productReference = 121B83543AC4BD8A706FD80B /* Dusk.app */;
			productType = "com.apple.product-type.application";
		};
/* End PBXNativeTarget section */

/* Begin PBXProject section */
		DACB7D19C41CCAF3AFB2A436 /* Project object */ = {
			isa = PBXProject;
			attributes = {
				BuildIndependentTargetsInParallel = YES;
				LastUpgradeCheck = 1600;
				TargetAttributes = {
					23B6BD169B5570FCE5D186ED = {
						DevelopmentTeam = "";
					};
				};
			};
			buildConfigurationList = CB88F01D918C5D0C278A4C00 /* Build configuration list for PBXProject "Dusk" */;
			developmentRegion = en;
			hasScannedForEncodings = 0;
			knownRegions = (
				Base,
				en,
			);
			mainGroup = B298B6F63F825CE5F301D403;
			minimizedProjectReferenceProxies = 1;
			preferredProjectObjectVersion = 77;
			productRefGroup = 1CB985811D3A12B7D2FB4419 /* Products */;
			projectDirPath = "";
			projectRoot = "";
			targets = (
				9F2F34542FD6C75BD284834F /* Dusk */,
				23B6BD169B5570FCE5D186ED /* Dusk-tvOS */,
			);
		};
/* End PBXProject section */

/* Begin PBXResourcesBuildPhase section */
		59E964A6B021CE1C3B7AAA5D /* Resources */ = {
			isa = PBXResourcesBuildPhase;
			buildActionMask = 2147483647;
			files = (
				041CD279F84A45500AC3004F /* Assets.xcassets in Resources */,
			);
			runOnlyForDeploymentPostprocessing = 0;
		};
		FAFC774E61400ADC66821212 /* Resources */ = {
			isa = PBXResourcesBuildPhase;
			buildActionMask = 2147483647;
			files = (
				39A8E92988FD99DDC133C744 /* Assets.xcassets in Resources */,
				B1C4629DD7A801EA83F3E2A2 /* LaunchScreen.storyboard in Resources */,
			);
			runOnlyForDeploymentPostprocessing = 0;
		};
/* End PBXResourcesBuildPhase section */

/* Begin PBXSourcesBuildPhase section */
		1A0F757B2C046BB3CC7E147E /* Sources */ = {
			isa = PBXSourcesBuildPhase;
			buildActionMask = 2147483647;
			files = (
				23781ECBCBC756D20274A23F /* AVPlayerEngine.swift in Sources */,
				DF845F197E074940561C8A79 /* ActorDetailView.swift in Sources */,
				8C8A078A0C29E27639377D0F /* ActorDetailViewModel.swift in Sources */,
				BCE19CADC1AC0939A2E7BFE3 /* AdaptivePosterGrid.swift in Sources */,
				D0136B06A06BFA786F00A21D /* AudioTrack.swift in Sources */,
				A3BF3529338DEC72CFBEA79F /* CircularProgressView.swift in Sources */,
				63656964D7D4A9BB93B1E79E /* ContentView.swift in Sources */,
				4CB71182E6CE2B1469CA4D87 /* DetailSharedViews.swift in Sources */,
				5A4E8E659D329D5E7BADF609 /* DuskApp.swift in Sources */,
				223B486CF59BCB7953A40BC0 /* EpisodeDetailView.swift in Sources */,
				43EE97E3C774ADB658885B66 /* EpisodeDetailViewModel.swift in Sources */,
				F1951FADAA3E90CC284F1449 /* EpisodeRowView.swift in Sources */,
				0D1CBCAA2894AA2EC7755C0F /* FeatureStateViews.swift in Sources */,
				6841A43341811B0DA93CE786 /* HomeHubItemsView.swift in Sources */,
				D81213E65DFBCCF15B4B396C /* HomeHubItemsViewModel.swift in Sources */,
				C45AD8910DC0A123DC0E5F2E /* HomeView.swift in Sources */,
				EAEB3E862EE90F8C106EB566 /* HomeViewModel.swift in Sources */,
				789BEDF7C3E478F9C988362A /* KeychainHelper.swift in Sources */,
				642A1E7EAC8350D56BA15243 /* LibrariesView.swift in Sources */,
				8127F4D4447EBB68AFBE68B3 /* LibrariesViewModel.swift in Sources */,
				BB481D2C28D2E8EC78194EEB /* LibraryItemsView.swift in Sources */,
				0C9687177AE365CE96E2119B /* LibraryItemsViewModel.swift in Sources */,
				276C601ECCA1260FF437B060 /* MainTabView.swift in Sources */,
				A0739BC0AECBAEAA4493CA29 /* MediaCarousel.swift in Sources */,
				E9968304272BFA8A38216038 /* MediaDetailDestinationView.swift in Sources */,
				0C8AAE808560045BD3405F48 /* MediaFormatting.swift in Sources */,
				E78EB2C60D0F5056A10C2996 /* MovieDetailView.swift in Sources */,
				322B5C37B4ADA2B9654FD7B9 /* MovieDetailViewModel.swift in Sources */,
				CF965F0C589D6C1A0765B95B /* PlaybackCoordinator+Session.swift in Sources */,
				7572C4AA0974CB7974C7C3FA /* PlaybackCoordinator+Timeline.swift in Sources */,
				7AE565D623445AB3E42B43CA /* PlaybackCoordinator+UpNext.swift in Sources */,
				D3547B3596D70D4C1CA2AAD5 /* PlaybackCoordinator.swift in Sources */,
				BA972893749D65D729A6B30D /* PlaybackEngine.swift in Sources */,
				6D91D0A9CCF1AD25F7BF2887 /* PlaybackEngineFactory.swift in Sources */,
				9A040BA241B84235CDC9630E /* PlaybackError.swift in Sources */,
				33C81F5261C3E8E351ECD2D9 /* PlaybackPresentationModels.swift in Sources */,
				63F44021789B944936E3C438 /* PlaybackState.swift in Sources */,
				5E12A450BBE9E513BF2ED5A3 /* PlayerControlsOverlay.swift in Sources */,
				F486B89EBCB984D8177EEEE6 /* PlayerDebugOverlayView.swift in Sources */,
				A346F0881F8D7C04D8720F8F /* PlayerSelectionSheet.swift in Sources */,
				F1594FC7CAE49B73C8621432 /* PlayerUpNextOverlayView.swift in Sources */,
				7D5FB4EA93CF82B4F0F37FCA /* PlayerView.swift in Sources */,
				5340E4CA7989E4B20888CD18 /* PlayerViewModel+PlaybackControls.swift in Sources */,
				76C10151CC2AD185F29C3968 /* PlayerViewModel+Presentation.swift in Sources */,
				8FB92F26D505D22DDDE1B367 /* PlayerViewModel+TrackSelection.swift in Sources */,
				F95F506F3C508340981D3D45 /* PlayerViewModel.swift in Sources */,
				78C6C2B409DAFA25AAD29BF6 /* PlexEpisode.swift in Sources */,
				471B694988DE289D70C10D02 /* PlexHub.swift in Sources */,
				60BD4764983A301DAE337DFE /* PlexItem.swift in Sources */,
				192B596729A4B8CA90D1544B /* PlexLibrary.swift in Sources */,
				74A6F8AAE94C574D65D60DD0 /* PlexMediaDetails.swift in Sources */,
				88EBDA8BD30C023D2FE3D5EA /* PlexMediaType.swift in Sources */,
				A115C876A1FE69ECB48101C9 /* PlexPin.swift in Sources */,
				F3F7A07F98C8FA42E194B6D4 /* PlexSearchResult.swift in Sources */,
				9C12BD74D3F9F2FEC9768FE9 /* PlexSeason.swift in Sources */,
				432620BF900C45349933D3CA /* PlexServer.swift in Sources */,
				82C533CEEAECC860215B8F94 /* PlexService+Auth.swift in Sources */,
				D3BB865813E3D954C0B3AB1A /* PlexService+Images.swift in Sources */,
				EA5DDD3FA0B01249F467E9C8 /* PlexService+Library.swift in Sources */,
				0F1909EC64E6C2C91B0D6303 /* PlexService+Networking.swift in Sources */,
				226EFD0D750AA9A959069323 /* PlexService+People.swift in Sources */,
				3ACE44D9D5BD990A9E8BFB24 /* PlexService+Playback.swift in Sources */,
				AA21CFFB68CC5E38580627CD /* PlexService+Servers.swift in Sources */,
				3B28E5E120554AAFE1E78E37 /* PlexService.swift in Sources */,
				5B4FA6191B647B121A5ABC04 /* PlexServiceError.swift in Sources */,
				F604A6955D5E77CA85BB49A2 /* PosterCard.swift in Sources */,
				6D9000B8F421F0DB61A64CDA /* SearchView.swift in Sources */,
				CAC971D90C726FFF8CD92190 /* SearchViewModel.swift in Sources */,
				B0B4EDE76D9A661D488523C1 /* SeasonDetailView.swift in Sources */,
				1398C03EF94F617CC809E985 /* SeasonDetailViewModel.swift in Sources */,
				C6CFAE42944FECDC31F3DBF4 /* ServerPickerView.swift in Sources */,
				B2702F9B5EC2B7139552854B /* SettingsContainer.swift in Sources */,
				686D7FF4C23D758894358358 /* SettingsIOSView.swift in Sources */,
				CDCAB20D887777BA7D071772 /* SettingsSupport.swift in Sources */,
				549C3A6F28EFE5F21E230C63 /* SettingsTVView.swift in Sources */,
				D7FB0B3ABA76D5483CA40A26 /* SettingsView.swift in Sources */,
				C52BFED1B47A774815C6D610 /* SettingsViewModel.swift in Sources */,
				043F5DD3F0A6C47FDAB0103C /* ShowDetailView.swift in Sources */,
				14DD3ABCB546921384B3218B /* ShowDetailViewModel.swift in Sources */,
				19C29EA99A097B5C548E10AC /* SignInView.swift in Sources */,
				C49463126C51FEA7B700F08D /* StreamResolver.swift in Sources */,
				D2B66F5EDFD11E5FE43455D2 /* String+NilIfEmpty.swift in Sources */,
				AE82800C988151DF5717D6C5 /* SubtitleTrack.swift in Sources */,
				BA9E74091F704ED4565A42AA /* TVSettingsComponents.swift in Sources */,
				A2C6EC83179E5F92E489896D /* UserPreferences.swift in Sources */,
				F57A4C33589F7DA227C55CE0 /* VLCKitEngine.swift in Sources */,
				D1BA14BF7A25C9CE67DECEBB /* View+Platform.swift in Sources */,
			);
			runOnlyForDeploymentPostprocessing = 0;
		};
		30F878327E3591C91E9F09B1 /* Sources */ = {
			isa = PBXSourcesBuildPhase;
			buildActionMask = 2147483647;
			files = (
				24C2D7B61677660C1F9A408F /* AVPlayerEngine.swift in Sources */,
				50A906D96B140BB70868FAE9 /* ActorDetailView.swift in Sources */,
				7542C3A78D6D7E78721A8FF9 /* ActorDetailViewModel.swift in Sources */,
				BE5CE3614C4F59318DDE5138 /* AdaptivePosterGrid.swift in Sources */,
				57859CAC853D4A359F71C307 /* AudioTrack.swift in Sources */,
				EC08032B694893022D23D11E /* CircularProgressView.swift in Sources */,
				C5B006A30C352B7EFCA3E3E7 /* ContentView.swift in Sources */,
				BDA2EE606463EEB0E307FB94 /* DetailSharedViews.swift in Sources */,
				4713FAE724DCD5EA9F4EF86B /* DuskApp.swift in Sources */,
				CA4DC7DF0B8BE1B46453A237 /* EpisodeDetailView.swift in Sources */,
				42154E1A4748F9B0A9E7AD10 /* EpisodeDetailViewModel.swift in Sources */,
				2DF2D6CC1B72CB1A6EF55F60 /* EpisodeRowView.swift in Sources */,
				7DA2645AECB04893905F78AC /* FeatureStateViews.swift in Sources */,
				BA2097294DA662726729FFEE /* HomeHubItemsView.swift in Sources */,
				FCB03E78E06360652916B268 /* HomeHubItemsViewModel.swift in Sources */,
				5716AC625828ACE9A4E2E226 /* HomeView.swift in Sources */,
				51CDA7EF644BA8EBD3495EA3 /* HomeViewModel.swift in Sources */,
				3F7BABC078A82BFFEAE1E85D /* KeychainHelper.swift in Sources */,
				9E8D4CC4A8E04B9652317D2B /* LibrariesView.swift in Sources */,
				69F356B54ED9EB3D3882F12B /* LibrariesViewModel.swift in Sources */,
				0F16E1EB29F95C57D4CD9A36 /* LibraryItemsView.swift in Sources */,
				2415589AC77E76FB81D4FB5C /* LibraryItemsViewModel.swift in Sources */,
				FFF916BA397ADDA6F8F402BF /* MainTabView.swift in Sources */,
				91C30FBA614B5BEF68A8DB61 /* MediaCarousel.swift in Sources */,
				FDED3D0842AFE704BE1A4692 /* MediaDetailDestinationView.swift in Sources */,
				2FCADD6A7F12299BE72B4BF2 /* MediaFormatting.swift in Sources */,
				A22E8B744D14DC4EF752EE54 /* MovieDetailView.swift in Sources */,
				D01EE1426A3D7DE2EED23180 /* MovieDetailViewModel.swift in Sources */,
				E824564A578481DFF8413BDD /* PlaybackCoordinator+Session.swift in Sources */,
				6A669E577F1D489400FA21BA /* PlaybackCoordinator+Timeline.swift in Sources */,
				300B8B07A28C53D11C0BCFAD /* PlaybackCoordinator+UpNext.swift in Sources */,
				94795F75B488C797EFEE1E93 /* PlaybackCoordinator.swift in Sources */,
				F59DBE1AD9B202B7C6FF1201 /* PlaybackEngine.swift in Sources */,
				D02D380C3A1ABAEEA2D6C8EB /* PlaybackEngineFactory.swift in Sources */,
				E82BEC767616D9DD1B35031C /* PlaybackError.swift in Sources */,
				D7AFADBEE829D1A5A0EECEA2 /* PlaybackPresentationModels.swift in Sources */,
				C8641722826084DE53C8391D /* PlaybackState.swift in Sources */,
				053F70BD5E443D188775C913 /* PlayerControlsOverlay.swift in Sources */,
				B60E67CC425981517ACE5D38 /* PlayerDebugOverlayView.swift in Sources */,
				4A29FD0D91661288D837B6C2 /* PlayerSelectionSheet.swift in Sources */,
				DD32CD2536C5003D5418EB53 /* PlayerUpNextOverlayView.swift in Sources */,
				75C980FFDD7F661558AE46FF /* PlayerView.swift in Sources */,
				A044A3A01A60CFCEF89BEEB6 /* PlayerViewModel+PlaybackControls.swift in Sources */,
				03D9F0AF6196B663FCDA703B /* PlayerViewModel+Presentation.swift in Sources */,
				64A39E2E1CADED5FC223363A /* PlayerViewModel+TrackSelection.swift in Sources */,
				1BC696D19F7822B5D793A12E /* PlayerViewModel.swift in Sources */,
				AA42A518297EF10F5CA7A4F8 /* PlexEpisode.swift in Sources */,
				C39510CD657D1CBBD121F8E0 /* PlexHub.swift in Sources */,
				7273C1137B4A4946EB645283 /* PlexItem.swift in Sources */,
				F7E09A8F3F09533B84FD6C37 /* PlexLibrary.swift in Sources */,
				679D21365EA68E287D6C737B /* PlexMediaDetails.swift in Sources */,
				3D41B2F539E3877866299C4B /* PlexMediaType.swift in Sources */,
				C715E20173D8D250AD63FF6E /* PlexPin.swift in Sources */,
				241B08DFD493C41EBDFB397B /* PlexSearchResult.swift in Sources */,
				E56F8EA27538C2A446B729E4 /* PlexSeason.swift in Sources */,
				7ABD00645B6B50BA21317CA2 /* PlexServer.swift in Sources */,
				81E883C4D7CE2828C3E5A822 /* PlexService+Auth.swift in Sources */,
				9D4237E5AE1EB9B6C6731103 /* PlexService+Images.swift in Sources */,
				9E116995C31AF13B4F4AF4F5 /* PlexService+Library.swift in Sources */,
				8898B21F1AB7A56419314D02 /* PlexService+Networking.swift in Sources */,
				469CB9AD6D196D0339D9123C /* PlexService+People.swift in Sources */,
				993BADF29C6E085AB7CAEEFD /* PlexService+Playback.swift in Sources */,
				E8CE4B0C485E19B1AA45EA30 /* PlexService+Servers.swift in Sources */,
				3195C8AD54C3182FD5E87687 /* PlexService.swift in Sources */,
				67F2F2052B2A10C70FF3BA6D /* PlexServiceError.swift in Sources */,
				0C0265CEDF2F24F3A6C2F416 /* PosterCard.swift in Sources */,
				ADFB8796DAF8DD847088512F /* SearchView.swift in Sources */,
				2AAB71868294E34C89220EBC /* SearchViewModel.swift in Sources */,
				BCDE21A4079DA49B928448A2 /* SeasonDetailView.swift in Sources */,
				B7DA8C6E5840EFD773A22EA5 /* SeasonDetailViewModel.swift in Sources */,
				D86DC926C0D965156A52029C /* ServerPickerView.swift in Sources */,
				7E3BF2E0D39617CDC10BB9FA /* SettingsContainer.swift in Sources */,
				0D651744D83BFD04547117F6 /* SettingsIOSView.swift in Sources */,
				CEE35B434ED04A143474C6E5 /* SettingsSupport.swift in Sources */,
				5F11A5EF1611691B257FDAB9 /* SettingsTVView.swift in Sources */,
				B45D5A7CBBE563FA40DAF046 /* SettingsView.swift in Sources */,
				5168F0A3D9473E68B2BCE86A /* SettingsViewModel.swift in Sources */,
				6F2E32CFADA86AA4043AFAE7 /* ShowDetailView.swift in Sources */,
				B25DF36B72C459A5912E8024 /* ShowDetailViewModel.swift in Sources */,
				743D04AE4E0C4D0D4EE05C91 /* SignInView.swift in Sources */,
				76D040E4BE26F7A9AB14DAD4 /* StreamResolver.swift in Sources */,
				ED238AE86F7DF69897977475 /* String+NilIfEmpty.swift in Sources */,
				30C61B9C7A0A7E9ADF0B8A8B /* SubtitleTrack.swift in Sources */,
				3FE983092FCE0D8477FB79CD /* TVSettingsComponents.swift in Sources */,
				8B58F17B03B0655F1DB24A37 /* UserPreferences.swift in Sources */,
				9ABD723FB86B80B580E0069A /* VLCKitEngine.swift in Sources */,
				ABA9903AC35A0A29883DBEFB /* View+Platform.swift in Sources */,
			);
			runOnlyForDeploymentPostprocessing = 0;
		};
/* End PBXSourcesBuildPhase section */

/* Begin XCBuildConfiguration section */
		0303D2C48AD5C36DF7C19CAD /* Release */ = {
			isa = XCBuildConfiguration;
			buildSettings = {
				ASSETCATALOG_COMPILER_APPICON_NAME = AppIconPrimary;
				ASSETCATALOG_COMPILER_GLOBAL_ACCENT_COLOR_NAME = AccentColor;
				ASSETCATALOG_COMPILER_LAUNCHIMAGE_NAME = "";
				CODE_SIGN_IDENTITY = "iPhone Developer";
				DEVELOPMENT_TEAM = WZ6VURTF6A;
				FRAMEWORK_SEARCH_PATHS = (
					"$(inherited)",
					"$(PROJECT_DIR)/Frameworks",
					"\"Frameworks\"",
				);
				GENERATE_INFOPLIST_FILE = NO;
				INFOPLIST_FILE = "Dusk/Support/Info-iOS.plist";
				LD_RUNPATH_SEARCH_PATHS = (
					"$(inherited)",
					"@executable_path/Frameworks",
				);
				PRODUCT_BUNDLE_IDENTIFIER = "com.dusk-player.app";
				SDKROOT = iphoneos;
				SWIFT_STRICT_CONCURRENCY = complete;
				TARGETED_DEVICE_FAMILY = "1,2";
			};
			name = Release;
		};
		0D455538605FD363E69BBF57 /* Release */ = {
			isa = XCBuildConfiguration;
			buildSettings = {
				ALWAYS_SEARCH_USER_PATHS = NO;
				CLANG_ANALYZER_NONNULL = YES;
				CLANG_ANALYZER_NUMBER_OBJECT_CONVERSION = YES_AGGRESSIVE;
				CLANG_CXX_LANGUAGE_STANDARD = "gnu++14";
				CLANG_CXX_LIBRARY = "libc++";
				CLANG_ENABLE_MODULES = YES;
				CLANG_ENABLE_OBJC_ARC = YES;
				CLANG_ENABLE_OBJC_WEAK = YES;
				CLANG_WARN_BLOCK_CAPTURE_AUTORELEASING = YES;
				CLANG_WARN_BOOL_CONVERSION = YES;
				CLANG_WARN_COMMA = YES;
				CLANG_WARN_CONSTANT_CONVERSION = YES;
				CLANG_WARN_DEPRECATED_OBJC_IMPLEMENTATIONS = YES;
				CLANG_WARN_DIRECT_OBJC_ISA_USAGE = YES_ERROR;
				CLANG_WARN_DOCUMENTATION_COMMENTS = YES;
				CLANG_WARN_EMPTY_BODY = YES;
				CLANG_WARN_ENUM_CONVERSION = YES;
				CLANG_WARN_INFINITE_RECURSION = YES;
				CLANG_WARN_INT_CONVERSION = YES;
				CLANG_WARN_NON_LITERAL_NULL_CONVERSION = YES;
				CLANG_WARN_OBJC_IMPLICIT_RETAIN_SELF = YES;
				CLANG_WARN_OBJC_LITERAL_CONVERSION = YES;
				CLANG_WARN_OBJC_ROOT_CLASS = YES_ERROR;
				CLANG_WARN_QUOTED_INCLUDE_IN_FRAMEWORK_HEADER = YES;
				CLANG_WARN_RANGE_LOOP_ANALYSIS = YES;
				CLANG_WARN_STRICT_PROTOTYPES = YES;
				CLANG_WARN_SUSPICIOUS_MOVE = YES;
				CLANG_WARN_UNGUARDED_AVAILABILITY = YES_AGGRESSIVE;
				CLANG_WARN_UNREACHABLE_CODE = YES;
				CLANG_WARN__DUPLICATE_METHOD_MATCH = YES;
				COPY_PHASE_STRIP = NO;
				CURRENT_PROJECT_VERSION = 1;
				DEBUG_INFORMATION_FORMAT = "dwarf-with-dsym";
				ENABLE_NS_ASSERTIONS = NO;
				ENABLE_STRICT_OBJC_MSGSEND = YES;
				GCC_C_LANGUAGE_STANDARD = gnu11;
				GCC_NO_COMMON_BLOCKS = YES;
				GCC_WARN_64_TO_32_BIT_CONVERSION = YES;
				GCC_WARN_ABOUT_RETURN_TYPE = YES_ERROR;
				GCC_WARN_UNDECLARED_SELECTOR = YES;
				GCC_WARN_UNINITIALIZED_AUTOS = YES_AGGRESSIVE;
				GCC_WARN_UNUSED_FUNCTION = YES;
				GCC_WARN_UNUSED_VARIABLE = YES;
				GENERATE_INFOPLIST_FILE = YES;
				IPHONEOS_DEPLOYMENT_TARGET = 17.0;
				MARKETING_VERSION = 0.1;
				MTL_ENABLE_DEBUG_INFO = NO;
				MTL_FAST_MATH = YES;
				PRODUCT_NAME = "$(TARGET_NAME)";
				SWIFT_COMPILATION_MODE = wholemodule;
				SWIFT_OPTIMIZATION_LEVEL = "-O";
				SWIFT_VERSION = 6.0;
				TVOS_DEPLOYMENT_TARGET = 26.0;
			};
			name = Release;
		};
		8B2B7865EBA894C76370E870 /* Debug */ = {
			isa = XCBuildConfiguration;
			buildSettings = {
				ASSETCATALOG_COMPILER_APPICON_NAME = AppIconPrimary;
				ASSETCATALOG_COMPILER_GLOBAL_ACCENT_COLOR_NAME = AccentColor;
				ASSETCATALOG_COMPILER_LAUNCHIMAGE_NAME = "";
				CODE_SIGN_IDENTITY = "iPhone Developer";
				DEVELOPMENT_TEAM = WZ6VURTF6A;
				FRAMEWORK_SEARCH_PATHS = (
					"$(inherited)",
					"$(PROJECT_DIR)/Frameworks",
					"\"Frameworks\"",
				);
				GENERATE_INFOPLIST_FILE = NO;
				INFOPLIST_FILE = "Dusk/Support/Info-iOS.plist";
				LD_RUNPATH_SEARCH_PATHS = (
					"$(inherited)",
					"@executable_path/Frameworks",
				);
				PRODUCT_BUNDLE_IDENTIFIER = "com.dusk-player.app";
				SDKROOT = iphoneos;
				SWIFT_STRICT_CONCURRENCY = complete;
				TARGETED_DEVICE_FAMILY = "1,2";
			};
			name = Debug;
		};
		A8A93D9586D6FFCFA8F6CD9C /* Debug */ = {
			isa = XCBuildConfiguration;
			buildSettings = {
				ALWAYS_SEARCH_USER_PATHS = NO;
				CLANG_ANALYZER_NONNULL = YES;
				CLANG_ANALYZER_NUMBER_OBJECT_CONVERSION = YES_AGGRESSIVE;
				CLANG_CXX_LANGUAGE_STANDARD = "gnu++14";
				CLANG_CXX_LIBRARY = "libc++";
				CLANG_ENABLE_MODULES = YES;
				CLANG_ENABLE_OBJC_ARC = YES;
				CLANG_ENABLE_OBJC_WEAK = YES;
				CLANG_WARN_BLOCK_CAPTURE_AUTORELEASING = YES;
				CLANG_WARN_BOOL_CONVERSION = YES;
				CLANG_WARN_COMMA = YES;
				CLANG_WARN_CONSTANT_CONVERSION = YES;
				CLANG_WARN_DEPRECATED_OBJC_IMPLEMENTATIONS = YES;
				CLANG_WARN_DIRECT_OBJC_ISA_USAGE = YES_ERROR;
				CLANG_WARN_DOCUMENTATION_COMMENTS = YES;
				CLANG_WARN_EMPTY_BODY = YES;
				CLANG_WARN_ENUM_CONVERSION = YES;
				CLANG_WARN_INFINITE_RECURSION = YES;
				CLANG_WARN_INT_CONVERSION = YES;
				CLANG_WARN_NON_LITERAL_NULL_CONVERSION = YES;
				CLANG_WARN_OBJC_IMPLICIT_RETAIN_SELF = YES;
				CLANG_WARN_OBJC_LITERAL_CONVERSION = YES;
				CLANG_WARN_OBJC_ROOT_CLASS = YES_ERROR;
				CLANG_WARN_QUOTED_INCLUDE_IN_FRAMEWORK_HEADER = YES;
				CLANG_WARN_RANGE_LOOP_ANALYSIS = YES;
				CLANG_WARN_STRICT_PROTOTYPES = YES;
				CLANG_WARN_SUSPICIOUS_MOVE = YES;
				CLANG_WARN_UNGUARDED_AVAILABILITY = YES_AGGRESSIVE;
				CLANG_WARN_UNREACHABLE_CODE = YES;
				CLANG_WARN__DUPLICATE_METHOD_MATCH = YES;
				COPY_PHASE_STRIP = NO;
				CURRENT_PROJECT_VERSION = 1;
				DEBUG_INFORMATION_FORMAT = dwarf;
				ENABLE_STRICT_OBJC_MSGSEND = YES;
				ENABLE_TESTABILITY = YES;
				GCC_C_LANGUAGE_STANDARD = gnu11;
				GCC_DYNAMIC_NO_PIC = NO;
				GCC_NO_COMMON_BLOCKS = YES;
				GCC_OPTIMIZATION_LEVEL = 0;
				GCC_PREPROCESSOR_DEFINITIONS = (
					"$(inherited)",
					"DEBUG=1",
				);
				GCC_WARN_64_TO_32_BIT_CONVERSION = YES;
				GCC_WARN_ABOUT_RETURN_TYPE = YES_ERROR;
				GCC_WARN_UNDECLARED_SELECTOR = YES;
				GCC_WARN_UNINITIALIZED_AUTOS = YES_AGGRESSIVE;
				GCC_WARN_UNUSED_FUNCTION = YES;
				GCC_WARN_UNUSED_VARIABLE = YES;
				GENERATE_INFOPLIST_FILE = YES;
				IPHONEOS_DEPLOYMENT_TARGET = 17.0;
				MARKETING_VERSION = 0.1;
				MTL_ENABLE_DEBUG_INFO = INCLUDE_SOURCE;
				MTL_FAST_MATH = YES;
				ONLY_ACTIVE_ARCH = YES;
				PRODUCT_NAME = "$(TARGET_NAME)";
				SWIFT_ACTIVE_COMPILATION_CONDITIONS = DEBUG;
				SWIFT_OPTIMIZATION_LEVEL = "-Onone";
				SWIFT_VERSION = 6.0;
				TVOS_DEPLOYMENT_TARGET = 26.0;
			};
			name = Debug;
		};
		AE3ED275DD0BC056F0F2D988 /* Debug */ = {
			isa = XCBuildConfiguration;
			buildSettings = {
				ASSETCATALOG_COMPILER_APPICON_NAME = AppIconTV;
				ASSETCATALOG_COMPILER_GLOBAL_ACCENT_COLOR_NAME = AccentColor;
				ASSETCATALOG_COMPILER_LAUNCHIMAGE_NAME = "";
				DEVELOPMENT_TEAM = "";
				INFOPLIST_KEY_UIApplicationSceneManifest_Generation = YES;
				INFOPLIST_KEY_UILaunchScreen_Generation = YES;
				INFOPLIST_KEY_UILaunchScreen_UIColorName = LaunchBackground;
				INFOPLIST_KEY_UILaunchScreen_UIImageName = LaunchLogo;
				INFOPLIST_KEY_UILaunchScreen_UIImageRespectsSafeAreaInsets = NO;
				LD_RUNPATH_SEARCH_PATHS = (
					"$(inherited)",
					"@executable_path/Frameworks",
				);
				PRODUCT_BUNDLE_IDENTIFIER = "com.dusk-player.app";
				PRODUCT_NAME = Dusk;
				SDKROOT = appletvos;
				SWIFT_STRICT_CONCURRENCY = complete;
				TARGETED_DEVICE_FAMILY = 3;
			};
			name = Debug;
		};
		F4BEBB474CD299DFFCCD0C65 /* Release */ = {
			isa = XCBuildConfiguration;
			buildSettings = {
				ASSETCATALOG_COMPILER_APPICON_NAME = AppIconTV;
				ASSETCATALOG_COMPILER_GLOBAL_ACCENT_COLOR_NAME = AccentColor;
				ASSETCATALOG_COMPILER_LAUNCHIMAGE_NAME = "";
				DEVELOPMENT_TEAM = "";
				INFOPLIST_KEY_UIApplicationSceneManifest_Generation = YES;
				INFOPLIST_KEY_UILaunchScreen_Generation = YES;
				INFOPLIST_KEY_UILaunchScreen_UIColorName = LaunchBackground;
				INFOPLIST_KEY_UILaunchScreen_UIImageName = LaunchLogo;
				INFOPLIST_KEY_UILaunchScreen_UIImageRespectsSafeAreaInsets = NO;
				LD_RUNPATH_SEARCH_PATHS = (
					"$(inherited)",
					"@executable_path/Frameworks",
				);
				PRODUCT_BUNDLE_IDENTIFIER = "com.dusk-player.app";
				PRODUCT_NAME = Dusk;
				SDKROOT = appletvos;
				SWIFT_STRICT_CONCURRENCY = complete;
				TARGETED_DEVICE_FAMILY = 3;
			};
			name = Release;
		};
/* End XCBuildConfiguration section */

/* Begin XCConfigurationList section */
		304DA7A21F5581A082D21228 /* Build configuration list for PBXNativeTarget "Dusk-tvOS" */ = {
			isa = XCConfigurationList;
			buildConfigurations = (
				AE3ED275DD0BC056F0F2D988 /* Debug */,
				F4BEBB474CD299DFFCCD0C65 /* Release */,
			);
			defaultConfigurationIsVisible = 0;
			defaultConfigurationName = Debug;
		};
		39B8F0CD1C7653F895A696B5 /* Build configuration list for PBXNativeTarget "Dusk" */ = {
			isa = XCConfigurationList;
			buildConfigurations = (
				8B2B7865EBA894C76370E870 /* Debug */,
				0303D2C48AD5C36DF7C19CAD /* Release */,
			);
			defaultConfigurationIsVisible = 0;
			defaultConfigurationName = Debug;
		};
		CB88F01D918C5D0C278A4C00 /* Build configuration list for PBXProject "Dusk" */ = {
			isa = XCConfigurationList;
			buildConfigurations = (
				A8A93D9586D6FFCFA8F6CD9C /* Debug */,
				0D455538605FD363E69BBF57 /* Release */,
			);
			defaultConfigurationIsVisible = 0;
			defaultConfigurationName = Debug;
		};
/* End XCConfigurationList section */
	};
	rootObject = DACB7D19C41CCAF3AFB2A436 /* Project object */;
}
